# @generated - this file is auto-generated by `mise lock` https://mise.en.dev/dev-tools/mise-lock.html

[[tools.go]]
version = "1.26.1"
backend = "core:go"

[tools.go."platforms.linux-arm64"]
checksum = "sha256:a290581cfe4fe28ddd737dde3095f3dbeb7f2e4065cab4eae44dfc53b760c2f7"
url = "https://dl.google.com/go/go1.26.1.linux-arm64.tar.gz"

[tools.go."platforms.linux-arm64-musl"]
checksum = "sha256:a290581cfe4fe28ddd737dde3095f3dbeb7f2e4065cab4eae44dfc53b760c2f7"
url = "https://dl.google.com/go/go1.26.1.linux-arm64.tar.gz"

[tools.go."platforms.linux-x64"]
checksum = "sha256:031f088e5d955bab8657ede27ad4e3bc5b7c1ba281f05f245bcc304f327c987a"
url = "https://dl.google.com/go/go1.26.1.linux-amd64.tar.gz"

[tools.go."platforms.linux-x64-musl"]
checksum = "sha256:031f088e5d955bab8657ede27ad4e3bc5b7c1ba281f05f245bcc304f327c987a"
url = "https://dl.google.com/go/go1.26.1.linux-amd64.tar.gz"

[tools.go."platforms.macos-arm64"]
checksum = "sha256:353df43a7811ce284c8938b5f3c7df40b7bfb6f56cb165b150bc40b5e2dd541f"
url = "https://dl.google.com/go/go1.26.1.darwin-arm64.tar.gz"

[tools.go."platforms.macos-x64"]
checksum = "sha256:65773dab2f8cc4cd23d93ba6d0a805de150ca0b78378879292be0b903b8cdd08"
url = "https://dl.google.com/go/go1.26.1.darwin-amd64.tar.gz"

[tools.go."platforms.windows-x64"]
checksum = "sha256:9b68112c913f45b7aebbf13c036721264bbba7e03a642f8f7490c561eebd1ecc"
url = "https://dl.google.com/go/go1.26.1.windows-amd64.zip"

[[tools."go:github.com/B1NARY-GR0UP/nwa"]]
version = "0.7.7"
backend = "go:github.com/B1NARY-GR0UP/nwa"

[[tools.hk]]
version = "1.43.0"
backend = "aqua:jdx/hk"

[tools.hk."platforms.linux-arm64"]
checksum = "sha256:f3efa8f95505178bf0ec807ce468b31ada5f7379b9089828487b0c9e67fd67b1"
url = "https://github.com/jdx/hk/releases/download/v1.43.0/hk-aarch64-unknown-linux-gnu.tar.gz"

[tools.hk."platforms.linux-arm64-musl"]
checksum = "sha256:23fc837d20d42cac85b9575669fd65f0153c4ee3519c4c3715a65c92721009cb"
url = "https://github.com/jdx/hk/releases/download/v1.43.0/hk-aarch64-unknown-linux-musl.tar.gz"

[tools.hk."platforms.linux-x64"]
checksum = "sha256:66ecbba59208e591101c83148708363e0b6dc4a5df1d41e0bcdbbdd27788f999"
url = "https://github.com/jdx/hk/releases/download/v1.43.0/hk-x86_64-unknown-linux-gnu.tar.gz"

[tools.hk."platforms.linux-x64-musl"]
checksum = "sha256:1810a7e67a58b12cfb36502054814d7e5fac3e827f30d4b84b7f79454bf0f0c6"
url = "https://github.com/jdx/hk/releases/download/v1.43.0/hk-x86_64-unknown-linux-musl.tar.gz"

[tools.hk."platforms.macos-arm64"]
checksum = "sha256:7999590e3571b87db3b79b878afd45afc5b7a301c59ee6f28fde0056956e0aeb"
url = "https://github.com/jdx/hk/releases/download/v1.43.0/hk-aarch64-apple-darwin.tar.gz"

[tools.hk."platforms.windows-x64"]
checksum = "sha256:cf053945bb446175fa4ce1f28fd9fcf0d24b4548cf7043cdd869249c1ff69d8d"
url = "https://github.com/jdx/hk/releases/download/v1.43.0/hk-x86_64-pc-windows-msvc.zip"

[[tools.node]]
version = "24.15.0"
backend = "core:node"

[tools.node."platforms.linux-arm64"]
checksum = "sha256:73afc234d558c24919875f51c2d1ea002a2ada4ea6f83601a383869fefa64eed"
url = "https://nodejs.org/dist/v24.15.0/node-v24.15.0-linux-arm64.tar.gz"

[tools.node."platforms.linux-arm64-musl"]
checksum = "sha256:31e98aa960a067da91edffd5d93bc46657b5d2a8029612c359f5f2ac0060152a"
url = "https://unofficial-builds.nodejs.org/download/release/v24.15.0/node-v24.15.0-linux-arm64-musl.tar.gz"

[tools.node."platforms.linux-x64"]
checksum = "sha256:44836872d9aec49f1e6b52a9a922872db9a2b02d235a616a5681b6a85fec8d89"
url = "https://nodejs.org/dist/v24.15.0/node-v24.15.0-linux-x64.tar.gz"

[tools.node."platforms.linux-x64-musl"]
checksum = "sha256:f55af5bd489c5347b113ca6594cae00a54b30ba57ac5875324311bfc6f4762e3"
url = "https://unofficial-builds.nodejs.org/download/release/v24.15.0/node-v24.15.0-linux-x64-musl.tar.gz"

[tools.node."platforms.macos-arm64"]
checksum = "sha256:372331b969779ab5d15b949884fc6eaf88d5afe87bde8ba881d6400b9100ffc4"
url = "https://nodejs.org/dist/v24.15.0/node-v24.15.0-darwin-arm64.tar.gz"

[tools.node."platforms.macos-x64"]
checksum = "sha256:ffd5ee293467927f3ee731a553eb88fd1f48cf74eebc2d74a6babe4af228673b"
url = "https://nodejs.org/dist/v24.15.0/node-v24.15.0-darwin-x64.tar.gz"

[tools.node."platforms.windows-x64"]
checksum = "sha256:cc5149eabd53779ce1e7bdc5401643622d0c7e6800ade18928a767e940bb0e62"
url = "https://nodejs.org/dist/v24.15.0/node-v24.15.0-win-x64.zip"

[[tools.pkl]]
version = "0.31.1"
backend = "aqua:apple/pkl"

[tools.pkl."platforms.linux-arm64"]
checksum = "sha256:7ef10e743daa921fb94ae7bdb9ec6986f362bf250c55814b9ea2aeb13f2d083e"
url = "https://github.com/apple/pkl/releases/download/0.31.1/pkl-linux-aarch64"

[tools.pkl."platforms.linux-arm64-musl"]
checksum = "sha256:7ef10e743daa921fb94ae7bdb9ec6986f362bf250c55814b9ea2aeb13f2d083e"
url = "https://github.com/apple/pkl/releases/download/0.31.1/pkl-linux-aarch64"

[tools.pkl."platforms.linux-x64"]
checksum = "sha256:618f13955d755cafbfe8c9cba1d27635848cd49dbc6abffd398d2751db1231bf"
url = "https://github.com/apple/pkl/releases/download/0.31.1/pkl-linux-amd64"

[tools.pkl."platforms.linux-x64-musl"]
checksum = "sha256:618f13955d755cafbfe8c9cba1d27635848cd49dbc6abffd398d2751db1231bf"
url = "https://github.com/apple/pkl/releases/download/0.31.1/pkl-linux-amd64"

[tools.pkl."platforms.macos-arm64"]
checksum = "sha256:1b6a5438d9624cd2798a7530721bbbfa27ef72efe5c878a1b6c546c6e7ca0e8f"
url = "https://github.com/apple/pkl/releases/download/0.31.1/pkl-macos-aarch64"

[tools.pkl."platforms.macos-x64"]
checksum = "sha256:22123ed4ae4c03afa8c54c69f77f0bec39b0fa0f67b09d6d148e0a376a2a471d"
url = "https://github.com/apple/pkl/releases/download/0.31.1/pkl-macos-amd64"

[tools.pkl."platforms.windows-x64"]
checksum = "sha256:a8834481667325b44c539dbb758d7365a16389070f343c04b639bbe525ede013"
url = "https://github.com/apple/pkl/releases/download/0.31.1/pkl-windows-amd64.exe"

[[tools.pnpm]]
version = "10.34.1"
backend = "aqua:pnpm/pnpm"

[tools.pnpm."platforms.linux-arm64"]
checksum = "sha256:a91a72e6ac0f30e5354af9a1c15eff1a9448b5471f572f3109863da928e5699f"
url = "https://github.com/pnpm/pnpm/releases/download/v10.34.1/pnpm-linux-arm64"

[tools.pnpm."platforms.linux-arm64-musl"]
checksum = "sha256:a91a72e6ac0f30e5354af9a1c15eff1a9448b5471f572f3109863da928e5699f"
url = "https://github.com/pnpm/pnpm/releases/download/v10.34.1/pnpm-linux-arm64"

[tools.pnpm."platforms.linux-x64"]
checksum = "sha256:25dec6207e51ea4c8335dc1d8b203c9274f0bdcf630b998e0df46060dde65dba"
url = "https://github.com/pnpm/pnpm/releases/download/v10.34.1/pnpm-linux-x64"

[tools.pnpm."platforms.linux-x64-musl"]
checksum = "sha256:25dec6207e51ea4c8335dc1d8b203c9274f0bdcf630b998e0df46060dde65dba"
url = "https://github.com/pnpm/pnpm/releases/download/v10.34.1/pnpm-linux-x64"

[tools.pnpm."platforms.macos-arm64"]
checksum = "sha256:a33fd791e3c152d0056ecf073b69654818b1f9c6c0851d36cb53275be9efaad7"
url = "https://github.com/pnpm/pnpm/releases/download/v10.34.1/pnpm-macos-arm64"

[tools.pnpm."platforms.macos-x64"]
checksum = "sha256:41ebbe92d39812307fef898a297ff2a8253e7f3bb0d5973882dfb11c62983507"
url = "https://github.com/pnpm/pnpm/releases/download/v10.34.1/pnpm-macos-x64"

[tools.pnpm."platforms.windows-x64"]
checksum = "sha256:d686165405e14ae722ff116e29516ddcc30b56f0382e4360aa8623e83553cfee"
url = "https://github.com/pnpm/pnpm/releases/download/v10.34.1/pnpm-win-x64.exe"

[[tools.ruby]]
version = "3.4.10"
backend = "core:ruby"

[tools.ruby.options]
compile = "false"
precompiled_url = "jdx/ruby"
ruby_build_repo = "https://github.com/rbenv/ruby-build.git"
ruby_install = "false"

[tools.ruby."platforms.linux-arm64"]
checksum = "sha256:90bf9ae37b34b7909dcbcff2758c61c9963bf5f31f4e7d2c95c65ab5896f8b99"
url = "https://github.com/jdx/ruby/releases/download/3.4.10-1/ruby-3.4.10.arm64_linux.tar.gz"
provenance = "github-attestations"

[tools.ruby."platforms.linux-arm64-musl"]
checksum = "sha256:90bf9ae37b34b7909dcbcff2758c61c9963bf5f31f4e7d2c95c65ab5896f8b99"
url = "https://github.com/jdx/ruby/releases/download/3.4.10-1/ruby-3.4.10.arm64_linux.tar.gz"
provenance = "github-attestations"

[tools.ruby."platforms.linux-x64"]
checksum = "sha256:29249c11bab89270c431482fca8e68b8e6825216f24f0a6d87aa910d53d51893"
url = "https://github.com/jdx/ruby/releases/download/3.4.10-1/ruby-3.4.10.x86_64_linux.tar.gz"
provenance = "github-attestations"

[tools.ruby."platforms.linux-x64-musl"]
checksum = "sha256:29249c11bab89270c431482fca8e68b8e6825216f24f0a6d87aa910d53d51893"
url = "https://github.com/jdx/ruby/releases/download/3.4.10-1/ruby-3.4.10.x86_64_linux.tar.gz"
provenance = "github-attestations"

[tools.ruby."platforms.macos-arm64"]
checksum = "sha256:deee20cc0e9ffcac784f3cde949d89af06a5268c2d8d218686bc6ccd79786fcb"
url = "https://github.com/jdx/ruby/releases/download/3.4.10-1/ruby-3.4.10.macos.tar.gz"
provenance = "github-attestations"

[tools.ruby."platforms.macos-x64"]
checksum = "sha256:ecee2d072a14f2d14347dd56dfd8fe5c3130abf5117bfaacbda0f4ef9cc429ec"
url = "https://cache.ruby-lang.org/pub/ruby/3.4/ruby-3.4.10.tar.gz"

[[tools.ruby]]
version = "3.4.10"
backend = "core:ruby"

[tools.ruby."platforms.windows-x64"]
checksum = "sha256:89e3c5e235ac88b9b7e8daaf639eaaab74d7c470667354f6bf0f7432f3191ebb"
url = "https://github.com/oneclick/rubyinstaller2/releases/download/RubyInstaller-3.4.10-1/rubyinstaller-3.4.10-1-x64.7z"

[[tools.trivy]]
version = "0.69.3"
backend = "aqua:aquasecurity/trivy"

[tools.trivy."platforms.linux-arm64"]
checksum = "sha256:7e3924a974e912e57b4a99f65ece7931f8079584dae12eb7845024f97087bdfd"
url = "https://github.com/aquasecurity/trivy/releases/download/v0.69.3/trivy_0.69.3_Linux-ARM64.tar.gz"
provenance = "cosign"

[tools.trivy."platforms.linux-arm64-musl"]
checksum = "sha256:7e3924a974e912e57b4a99f65ece7931f8079584dae12eb7845024f97087bdfd"
url = "https://github.com/aquasecurity/trivy/releases/download/v0.69.3/trivy_0.69.3_Linux-ARM64.tar.gz"
provenance = "cosign"

[tools.trivy."platforms.linux-x64"]
checksum = "sha256:1816b632dfe529869c740c0913e36bd1629cb7688bd5634f4a858c1d57c88b75"
url = "https://github.com/aquasecurity/trivy/releases/download/v0.69.3/trivy_0.69.3_Linux-64bit.tar.gz"
provenance = "cosign"

[tools.trivy."platforms.linux-x64-musl"]
checksum = "sha256:1816b632dfe529869c740c0913e36bd1629cb7688bd5634f4a858c1d57c88b75"
url = "https://github.com/aquasecurity/trivy/releases/download/v0.69.3/trivy_0.69.3_Linux-64bit.tar.gz"
provenance = "cosign"

[tools.trivy."platforms.macos-arm64"]
checksum = "sha256:a2f2179afd4f8bb265ca3c7aefb56a666bc4a9a411663bc0f22c3549fbc643a5"
url = "https://github.com/aquasecurity/trivy/releases/download/v0.69.3/trivy_0.69.3_macOS-ARM64.tar.gz"
provenance = "cosign"

[tools.trivy."platforms.macos-x64"]
checksum = "sha256:fec4a9f7569b624dd9d044fca019e5da69e032700edbb1d7318972c448ec2f4e"
url = "https://github.com/aquasecurity/trivy/releases/download/v0.69.3/trivy_0.69.3_macOS-64bit.tar.gz"
provenance = "cosign"

[tools.trivy."platforms.windows-x64"]
checksum = "sha256:74362dc711383255308230ecbeb587eb1e4e83a8d332be5b0259afac6e0c2224"
url = "https://github.com/aquasecurity/trivy/releases/download/v0.69.3/trivy_0.69.3_windows-64bit.zip"
provenance = "cosign"

[[tools.typos]]
version = "1.45.1"
backend = "aqua:crate-ci/typos"

[tools.typos."platforms.linux-arm64"]
checksum = "sha256:0d3688c607a49ffb6dedaca6de44e4217abeaa5b93228d673dc5caf76f60489f"
url = "https://github.com/crate-ci/typos/releases/download/v1.45.1/typos-v1.45.1-aarch64-unknown-linux-musl.tar.gz"

[tools.typos."platforms.linux-arm64-musl"]
checksum = "sha256:0d3688c607a49ffb6dedaca6de44e4217abeaa5b93228d673dc5caf76f60489f"
url = "https://github.com/crate-ci/typos/releases/download/v1.45.1/typos-v1.45.1-aarch64-unknown-linux-musl.tar.gz"

[tools.typos."platforms.linux-x64"]
checksum = "sha256:33447531a0eff29796d6fb9b555b4628723db72c6bad129e168d97ac86ceb0f1"
url = "https://github.com/crate-ci/typos/releases/download/v1.45.1/typos-v1.45.1-x86_64-unknown-linux-musl.tar.gz"

[tools.typos."platforms.linux-x64-musl"]
checksum = "sha256:33447531a0eff29796d6fb9b555b4628723db72c6bad129e168d97ac86ceb0f1"
url = "https://github.com/crate-ci/typos/releases/download/v1.45.1/typos-v1.45.1-x86_64-unknown-linux-musl.tar.gz"

[tools.typos."platforms.macos-arm64"]
checksum = "sha256:2c31ed16286f26c08ae477faf001af8542ff23aeb6e7323be5f620710c192fb5"
url = "https://github.com/crate-ci/typos/releases/download/v1.45.1/typos-v1.45.1-aarch64-apple-darwin.tar.gz"

[tools.typos."platforms.macos-x64"]
checksum = "sha256:70767b5d8d920cbb17b452a6b068e36e1b3fd649089bce883d3512eb85990326"
url = "https://github.com/crate-ci/typos/releases/download/v1.45.1/typos-v1.45.1-x86_64-apple-darwin.tar.gz"

[tools.typos."platforms.windows-x64"]
checksum = "sha256:a4ae081cb7a403f2b75e8c066aa4a4484207547c4e9eb2b4df3f68ecdbc5dd3e"
url = "https://github.com/crate-ci/typos/releases/download/v1.45.1/typos-v1.45.1-x86_64-pc-windows-msvc.zip"
