lockfile_version: '1'
generated_at: '2026-06-28T17:16:43.284708+00:00'
apm_version: 0.22.0
dependencies:
- repo_url: dotnet/skills
  name: dotnet
  host: github.com
  resolved_commit: 691cd472a108927024b575e4599d273bca62c60c
  resolved_ref: 691cd472a108927024b575e4599d273bca62c60c
  version: 0.1.0
  virtual_path: plugins/dotnet
  is_virtual: true
  package_type: marketplace_plugin
  deployed_files:
  - .agents/skills/csharp-scripts
  - .agents/skills/csharp-scripts/SKILL.md
  - .agents/skills/dotnet-pinvoke
  - .agents/skills/dotnet-pinvoke/SKILL.md
  - .agents/skills/dotnet-pinvoke/references/diagnostics.md
  - .agents/skills/dotnet-pinvoke/references/type-mapping.md
  - .agents/skills/nuget-trusted-publishing
  - .agents/skills/nuget-trusted-publishing/SKILL.md
  - .agents/skills/nuget-trusted-publishing/references/package-types.md
  - .agents/skills/nuget-trusted-publishing/references/publish-workflow.md
  - .agents/skills/setup-local-sdk
  - .agents/skills/setup-local-sdk/SKILL.md
  deployed_file_hashes:
    .agents/skills/csharp-scripts/SKILL.md: sha256:acc0ea3c023127db9ef4be653686b543808597a252a1ab06a3754a3ae93572f9
    .agents/skills/dotnet-pinvoke/SKILL.md: sha256:6de683aad84b2fe0ac972c8fcce3589a32e064332da68e0447e22df5e95232f1
    .agents/skills/dotnet-pinvoke/references/diagnostics.md: sha256:5c3596bc66f89a20dc1216d133fda6cdcf3af951e8ce41bc35c4fc90861528a7
    .agents/skills/dotnet-pinvoke/references/type-mapping.md: sha256:b8987c9264dc44704dbfdcfe8071f702c7d976cf3aabb6b686850df600c36d7c
    .agents/skills/nuget-trusted-publishing/SKILL.md: sha256:e12a67e1239989a36b8835b715daf94a4223c89fbc21336bb24107f51363c3e5
    .agents/skills/nuget-trusted-publishing/references/package-types.md: sha256:f413d6ee9fc24c5b886dfcb0f7063b2bfa16bd8e6a5c938ca103ffd001b4f3b6
    .agents/skills/nuget-trusted-publishing/references/publish-workflow.md: sha256:632b8e8db22115237ce305ddbca00a41d3cbb10869f1cdc3116e329a35ab70df
    .agents/skills/setup-local-sdk/SKILL.md: sha256:6b4904db9ae950da582f85dc2f4cf2adf586776d84ce805a273edb4045f1a74e
  content_hash: sha256:e78a7288a8a46fe190aad7cbe74fc9cfcebf682f7a60d6297d05ba204acac560
- repo_url: dotnet/skills
  name: dotnet-ai
  host: github.com
  resolved_commit: 691cd472a108927024b575e4599d273bca62c60c
  resolved_ref: 691cd472a108927024b575e4599d273bca62c60c
  version: 0.1.0
  virtual_path: plugins/dotnet-ai
  is_virtual: true
  package_type: marketplace_plugin
  deployed_files:
  - .agents/skills/mcp-csharp-create
  - .agents/skills/mcp-csharp-create/SKILL.md
  - .agents/skills/mcp-csharp-create/references/api-patterns.md
  - .agents/skills/mcp-csharp-create/references/transport-config.md
  - .agents/skills/mcp-csharp-debug
  - .agents/skills/mcp-csharp-debug/SKILL.md
  - .agents/skills/mcp-csharp-debug/references/ide-config.md
  - .agents/skills/mcp-csharp-debug/references/mcp-inspector.md
  - .agents/skills/mcp-csharp-publish
  - .agents/skills/mcp-csharp-publish/SKILL.md
  - .agents/skills/mcp-csharp-publish/references/docker-azure.md
  - .agents/skills/mcp-csharp-publish/references/mcp-registry.md
  - .agents/skills/mcp-csharp-publish/references/nuget-packaging.md
  - .agents/skills/mcp-csharp-test
  - .agents/skills/mcp-csharp-test/SKILL.md
  - .agents/skills/mcp-csharp-test/references/evaluations.md
  - .agents/skills/mcp-csharp-test/references/test-patterns.md
  - .agents/skills/technology-selection
  - .agents/skills/technology-selection/SKILL.md
  deployed_file_hashes:
    .agents/skills/mcp-csharp-create/SKILL.md: sha256:2dd3b8c7c7b8299c300c1e22739cda58e4b1a9f4906c58b9b542a09629a260b7
    .agents/skills/mcp-csharp-create/references/api-patterns.md: sha256:d788cdecec36327e5d2193237e4b6283530ea2c8775d818cd630a9f7ac9fd26f
    .agents/skills/mcp-csharp-create/references/transport-config.md: sha256:018ee47caa2e2c63c0ef31465d9db42bfb505741f5e8e584ab011dea3504f563
    .agents/skills/mcp-csharp-debug/SKILL.md: sha256:4b59c5ca842b3b32ae46ff5769bedc73e9170875cf14b170bd1640ae54746baf
    .agents/skills/mcp-csharp-debug/references/ide-config.md: sha256:26bf378bb72b007cbd654301af214df19c139d6c019b4d9f8c5a6a0e5176bc7a
    .agents/skills/mcp-csharp-debug/references/mcp-inspector.md: sha256:20ca0bedebdac6e8d3c9361b658809d418cdce8943262c1885909c85cb071c61
    .agents/skills/mcp-csharp-publish/SKILL.md: sha256:68c9e7d1d31a31083d1e15b3fc4217ab4b32f6d281ca266d5ab7ca0b89384550
    .agents/skills/mcp-csharp-publish/references/docker-azure.md: sha256:4f767b78108a81740a369ecbd05f530e34fbfe816e7e968ce7dc80081e8e5671
    .agents/skills/mcp-csharp-publish/references/mcp-registry.md: sha256:6f236903fb3707c04acecf18cbc111054defe19686798249a48acb37104be4d9
    .agents/skills/mcp-csharp-publish/references/nuget-packaging.md: sha256:25e06d557a154a5c1c9fe562c25785dabaea68b0d46d77d585e4e8a1768a55f5
    .agents/skills/mcp-csharp-test/SKILL.md: sha256:b00d96f4b40e4fe1b925a6f787fc8fc8315f280a810d6a5dea222c77659f8f56
    .agents/skills/mcp-csharp-test/references/evaluations.md: sha256:726b9f1f07b8c77df1d4eb4639581b7ef710ec8fe5c61fb321860e630a150f38
    .agents/skills/mcp-csharp-test/references/test-patterns.md: sha256:7e1f57b4ec3f2af4c8d9845a97d7651d652afb36ffc088c6beafefc60213e1a9
    .agents/skills/technology-selection/SKILL.md: sha256:94a7031083ba18d869322e21cdfa90d859703edf881381a3706a1bb0411a09a0
  content_hash: sha256:76401b992b812f91104799cfb202575b8e6ead6fee894f3dc4044be6174c2186
- repo_url: dotnet/skills
  name: dotnet-diag
  host: github.com
  resolved_commit: 691cd472a108927024b575e4599d273bca62c60c
  resolved_ref: 691cd472a108927024b575e4599d273bca62c60c
  version: 0.1.0
  virtual_path: plugins/dotnet-diag
  is_virtual: true
  package_type: marketplace_plugin
  deployed_files:
  - .agents/skills/analyzing-dotnet-performance
  - .agents/skills/analyzing-dotnet-performance/SKILL.md
  - .agents/skills/analyzing-dotnet-performance/references/async-patterns.md
  - .agents/skills/analyzing-dotnet-performance/references/collections-and-linq.md
  - .agents/skills/analyzing-dotnet-performance/references/critical-patterns.md
  - .agents/skills/analyzing-dotnet-performance/references/io-and-serialization.md
  - .agents/skills/analyzing-dotnet-performance/references/memory-and-strings.md
  - .agents/skills/analyzing-dotnet-performance/references/regex-patterns.md
  - .agents/skills/analyzing-dotnet-performance/references/structural-patterns.md
  - .agents/skills/android-tombstone-symbolication
  - .agents/skills/android-tombstone-symbolication/SKILL.md
  - .agents/skills/android-tombstone-symbolication/scripts/Symbolicate-Tombstone.ps1
  - .agents/skills/apple-crash-symbolication
  - .agents/skills/apple-crash-symbolication/SKILL.md
  - .agents/skills/apple-crash-symbolication/references/ips-crash-format.md
  - .agents/skills/apple-crash-symbolication/scripts/Symbolicate-Crash.ps1
  - .agents/skills/clr-activation-debugging
  - .agents/skills/clr-activation-debugging/SKILL.md
  - .agents/skills/clr-activation-debugging/references/activation-flow.md
  - .agents/skills/clr-activation-debugging/references/com-activation.md
  - .agents/skills/clr-activation-debugging/references/log-format.md
  - .agents/skills/dotnet-trace-collect
  - .agents/skills/dotnet-trace-collect/SKILL.md
  - .agents/skills/dotnet-trace-collect/references/dotnet-monitor.md
  - .agents/skills/dotnet-trace-collect/references/dotnet-trace-collect-linux.md
  - .agents/skills/dotnet-trace-collect/references/dotnet-trace-collect.md
  - .agents/skills/dotnet-trace-collect/references/perfcollect.md
  - .agents/skills/dotnet-trace-collect/references/perfview.md
  - .agents/skills/dump-collect
  - .agents/skills/dump-collect/SKILL.md
  - .agents/skills/dump-collect/references/container-dumps.md
  - .agents/skills/dump-collect/references/coreclr-dumps.md
  - .agents/skills/dump-collect/references/nativeaot-dumps.md
  - .agents/skills/microbenchmarking
  - .agents/skills/microbenchmarking/SKILL.md
  - .agents/skills/microbenchmarking/references/bdn-internals-and-tuning.md
  - .agents/skills/microbenchmarking/references/comparison-strategies.md
  - .agents/skills/microbenchmarking/references/diagnosers-and-exporters.md
  - .agents/skills/microbenchmarking/references/project-setup-and-running.md
  - .agents/skills/microbenchmarking/references/writing-benchmarks.md
  - .github/agents/optimizing-dotnet-performance.agent.md
  deployed_file_hashes:
    .agents/skills/analyzing-dotnet-performance/SKILL.md: sha256:9980c08c82a1f0a961892472ea773d6b5342b080e46d92e9db3c109814e1afad
    .agents/skills/analyzing-dotnet-performance/references/async-patterns.md: sha256:18e881ff7fbddbaf8e1da84cd46f182fa81c2c2c070915286e2aba671fcd3be7
    .agents/skills/analyzing-dotnet-performance/references/collections-and-linq.md: sha256:6911129ce735bd7c232ab75fd93fe5c4c0e6ddef911c0062ae974b33c76eeddf
    .agents/skills/analyzing-dotnet-performance/references/critical-patterns.md: sha256:ac17e1301a2f997a1be552d8efc5210b9b3c1ca30c71a5d60ed6f7d03d2e8290
    .agents/skills/analyzing-dotnet-performance/references/io-and-serialization.md: sha256:a9cb85c2bbfdce1059cc8e4c102d728728b79b8cb0c1d6091076bf79bca05c89
    .agents/skills/analyzing-dotnet-performance/references/memory-and-strings.md: sha256:917ea09f0496a59a15fe5abe2cea7b6ac38cf8d85e19b730bb497d35eb387d59
    .agents/skills/analyzing-dotnet-performance/references/regex-patterns.md: sha256:cfbd9bb1a4596b8acc537ed4a58d939237441e8716d5c747175cd8bc3b840a62
    .agents/skills/analyzing-dotnet-performance/references/structural-patterns.md: sha256:ee75e7da219e1d5fcc91c728babe9978793be97e37e01a78b51cc47316ecf170
    .agents/skills/android-tombstone-symbolication/SKILL.md: sha256:3e25d754833c1a362b3d1968cc81ab75b0d1824b161c3ab9d14113a41cacbe9f
    .agents/skills/android-tombstone-symbolication/scripts/Symbolicate-Tombstone.ps1: sha256:050257edb89ce80796233ee6870bfc178c6c1ef1bb3f3ac05e4f893368acaa5a
    .agents/skills/apple-crash-symbolication/SKILL.md: sha256:c8db1d3298cb94e321c47b29fdc0a611b22716b4fc72c32442db0d717de79198
    .agents/skills/apple-crash-symbolication/references/ips-crash-format.md: sha256:df15e681730d1962b53e9006345f4c5d7caee9a0ab3ea05d87e675aaea766694
    .agents/skills/apple-crash-symbolication/scripts/Symbolicate-Crash.ps1: sha256:5dd9ffdd9097adf7c104b504ced59e31514202ead8a8c22f5744ee3a0bbc3019
    .agents/skills/clr-activation-debugging/SKILL.md: sha256:84db80e2fed910551267c5ed7ed29b3829849e394ed09fecfde4f4aebfc8fcf4
    .agents/skills/clr-activation-debugging/references/activation-flow.md: sha256:04d748a40788aa47dd7bb325f682615486da71812b3a80b9a6403ce97eca4d9f
    .agents/skills/clr-activation-debugging/references/com-activation.md: sha256:3da57d54a8f6dd85bfb9e2a3b617fa5521e6551b7187bfc3bac73f71c1b6c9bc
    .agents/skills/clr-activation-debugging/references/log-format.md: sha256:f594da621cd46f457a93aebc5273ed2e102730a03086eb9cb0cb96e07e2e8472
    .agents/skills/dotnet-trace-collect/SKILL.md: sha256:a701fd47f61e196b456cea55699d2e523cc8fc37f382e53d241c153b1c21a494
    .agents/skills/dotnet-trace-collect/references/dotnet-monitor.md: sha256:726655946aac6f654c58cb3a92e37b9e1b0b4b7c2d990cd9bdfd1e54912882dd
    .agents/skills/dotnet-trace-collect/references/dotnet-trace-collect-linux.md: sha256:fcb65d649219958c61e6070f4278caaac07e75a418328976bed7bddc77ef24af
    .agents/skills/dotnet-trace-collect/references/dotnet-trace-collect.md: sha256:c47af38a982c1184cf43eafed795260c9872a85f09718d7b51095b7f22afbe6d
    .agents/skills/dotnet-trace-collect/references/perfcollect.md: sha256:5b5de0486d84ff2e1b86be7de04631a2a3b32d55ca0bb2a3c2c636c0d167943a
    .agents/skills/dotnet-trace-collect/references/perfview.md: sha256:c8018e9f1844fa854d971f0d1d75e61887e9ebd5ca97def209650ac634626813
    .agents/skills/dump-collect/SKILL.md: sha256:d00af814b354faae10cd78fedf7c94a78de6e64f04d4c15703b8fbac5e08e2e2
    .agents/skills/dump-collect/references/container-dumps.md: sha256:e8f1bad53e928efa41caa6855b7022062e30f11b96fdf9ded37526e03b86f5e3
    .agents/skills/dump-collect/references/coreclr-dumps.md: sha256:180c6b4ab82f2d27b85b751e309bf0aa445fde68ddc0c6a507b51999f02cf195
    .agents/skills/dump-collect/references/nativeaot-dumps.md: sha256:63bda7821ce96ad27e343b93fdf46eb31d2209ba66c387f669062909e3d532a0
    .agents/skills/microbenchmarking/SKILL.md: sha256:64dab692a441a8af87b40cda1f3c2c9e5046551446fdea55d2801eaabb34785e
    .agents/skills/microbenchmarking/references/bdn-internals-and-tuning.md: sha256:213842a5ced85bbdd5db4d7f6de4c3bdd231367b292f7c994a504960e32c83f0
    .agents/skills/microbenchmarking/references/comparison-strategies.md: sha256:cdbc8e7d4b9b2c9eeb1dbc1a7ceaee5b3cb453d041211bf30fc93b150c4fecf7
    .agents/skills/microbenchmarking/references/diagnosers-and-exporters.md: sha256:9410eb556b83af2a63bdb593a791077a4a070210df569887f6265d9ecd825b14
    .agents/skills/microbenchmarking/references/project-setup-and-running.md: sha256:dd6866d218be83e84e772b9bda17d1d8261da4a8318d6b098faffe71b95bfcdf
    .agents/skills/microbenchmarking/references/writing-benchmarks.md: sha256:00279137333ae46cec081a3b85d53858cec9a7565beddf902e15a6f7abe81f09
    .github/agents/optimizing-dotnet-performance.agent.md: sha256:aeae8474777971a8e29873b132963b18ef3a76acab706473734a9a82d19c6a84
  content_hash: sha256:77664d4df12860e0e08d7a2370dc2c9adf9dfa261c3228a9907f4d9f0f5ae94a
- repo_url: dotnet/skills
  name: dotnet-msbuild
  host: github.com
  resolved_commit: 691cd472a108927024b575e4599d273bca62c60c
  resolved_ref: 691cd472a108927024b575e4599d273bca62c60c
  version: 0.1.0
  virtual_path: plugins/dotnet-msbuild
  is_virtual: true
  package_type: marketplace_plugin
  deployed_files:
  - .agents/skills/binlog-failure-analysis
  - .agents/skills/binlog-failure-analysis/SKILL.md
  - .agents/skills/binlog-generation
  - .agents/skills/binlog-generation/SKILL.md
  - .agents/skills/build-parallelism
  - .agents/skills/build-parallelism/SKILL.md
  - .agents/skills/build-perf-baseline
  - .agents/skills/build-perf-baseline/SKILL.md
  - .agents/skills/build-perf-diagnostics
  - .agents/skills/build-perf-diagnostics/SKILL.md
  - .agents/skills/check-bin-obj-clash
  - .agents/skills/check-bin-obj-clash/SKILL.md
  - .agents/skills/directory-build-organization
  - .agents/skills/directory-build-organization/SKILL.md
  - .agents/skills/directory-build-organization/references/common-patterns.md
  - .agents/skills/directory-build-organization/references/multi-level-examples.md
  - .agents/skills/directory-build-organization/references/targetframework-props-pitfall.md
  - .agents/skills/eval-performance
  - .agents/skills/eval-performance/SKILL.md
  - .agents/skills/extension-points
  - .agents/skills/extension-points/SKILL.md
  - .agents/skills/including-generated-files
  - .agents/skills/including-generated-files/SKILL.md
  - .agents/skills/incremental-build
  - .agents/skills/incremental-build/SKILL.md
  - .agents/skills/item-management
  - .agents/skills/item-management/SKILL.md
  - .agents/skills/msbuild-antipatterns
  - .agents/skills/msbuild-antipatterns/SKILL.md
  - .agents/skills/msbuild-antipatterns/references/additional-antipatterns.md
  - .agents/skills/msbuild-antipatterns/references/incremental-build-inputs-outputs.md
  - .agents/skills/msbuild-antipatterns/references/private-assets.md
  - .agents/skills/msbuild-modernization
  - .agents/skills/msbuild-modernization/SKILL.md
  - .agents/skills/msbuild-server
  - .agents/skills/msbuild-server/SKILL.md
  - .agents/skills/property-patterns
  - .agents/skills/property-patterns/SKILL.md
  - .agents/skills/resolve-project-references
  - .agents/skills/resolve-project-references/SKILL.md
  - .agents/skills/target-authoring
  - .agents/skills/target-authoring/SKILL.md
  - .github/agents/build-perf.agent.md
  - .github/agents/msbuild-code-review.agent.md
  - .github/agents/msbuild.agent.md
  deployed_file_hashes:
    .agents/skills/binlog-failure-analysis/SKILL.md: sha256:0424369ec57d99dd244605ce01f84ff2b62fdc24acd26c4103e3b378735e403b
    .agents/skills/binlog-generation/SKILL.md: sha256:75eaecf83a3be239e7d68fcb72d7be969e15cf7934644feb178a72d899cfce69
    .agents/skills/build-parallelism/SKILL.md: sha256:7b579eba260a52d4ae8a325b84ebf857e868f5b6c0ceaa106a7e6c7a8e9199ae
    .agents/skills/build-perf-baseline/SKILL.md: sha256:9546a5d3a22432142a193cec052405e7a64977a9b57ca2268f975b20c512a909
    .agents/skills/build-perf-diagnostics/SKILL.md: sha256:8575541b9b13f28c44ab62a248c3b141eb0fbb906893b46981b4b0546bb995a2
    .agents/skills/check-bin-obj-clash/SKILL.md: sha256:4f68a0075cb58cc03a95e7504b8d9ea1ea3a9754659808702bec46d50c01f832
    .agents/skills/directory-build-organization/SKILL.md: sha256:19236a9a5ccac500f1d2bc4023bbe5c427e4ec598220af7366257de686835ff8
    .agents/skills/directory-build-organization/references/common-patterns.md: sha256:6e651cb87034e162e8a966228cbf837612e434c564fd7f9928d38ef44a12e7f3
    .agents/skills/directory-build-organization/references/multi-level-examples.md: sha256:6120bf2b385eb2cf348c66173bb27ade493d570db8c497881cc8319f448c820a
    .agents/skills/directory-build-organization/references/targetframework-props-pitfall.md: sha256:a5f0b84a3138e5fdf1fdf103268493006756a1c86312952926f3a10c3e5dd738
    .agents/skills/eval-performance/SKILL.md: sha256:794890eef17b3efa3babe5ca442a364a84152988628e48b6e0d9a23ef275272b
    .agents/skills/extension-points/SKILL.md: sha256:141e1b1b0b27ac594f5db6e09888772d682512a71a7e3b2f038e21ce1879102f
    .agents/skills/including-generated-files/SKILL.md: sha256:921f3cbe3078d13f6429e0ec820dbb95832c4cb4df896d80de0449c4c37c2246
    .agents/skills/incremental-build/SKILL.md: sha256:05db7b97519627bcaaa9fd7d3212e8a6a2d68fb686c6ebf8a0472bf3a6ff8657
    .agents/skills/item-management/SKILL.md: sha256:86d3ba145c9b334b337161cb2d25af7bfa4db20d7ca4fc3cc879461c519d0568
    .agents/skills/msbuild-antipatterns/SKILL.md: sha256:47c4cfceed47fd754630b7f22521b9ca51577354887e304eefde6de6942933fa
    .agents/skills/msbuild-antipatterns/references/additional-antipatterns.md: sha256:c4a1daf1dde27627abac53a153d68768a3f48906b0b3cd17ad93fb674ea48689
    .agents/skills/msbuild-antipatterns/references/incremental-build-inputs-outputs.md: sha256:006a123ea16f95aeb216ae9e2a59be48fc82f15e66ecccdbb92fdcf03b05fdc4
    .agents/skills/msbuild-antipatterns/references/private-assets.md: sha256:1e678c0ef9667d9df92ff71ca12737ac3a4ed26050d73e5197a2478356e0b4f5
    .agents/skills/msbuild-modernization/SKILL.md: sha256:6abc8b21c8fbd78e59d2358783d75b0febaa5dde0bb0d9495e41a1d9d99e246d
    .agents/skills/msbuild-server/SKILL.md: sha256:4b2d14f7bcef2e00c67a10513fba8267df03d98e82d90042e61d965f6ff3cd7b
    .agents/skills/property-patterns/SKILL.md: sha256:d7c95844d5c5f36c4405283f7704d7024639376751f82e7a01d9e09f2427dc66
    .agents/skills/resolve-project-references/SKILL.md: sha256:5aa288d6f2204bdf7c3519a74596b9c7c501e9e655c1cd0369a3b877fa732fd9
    .agents/skills/target-authoring/SKILL.md: sha256:bda3516ab1e74269be3ffcb1c5f7b83ae8c0afd12b9898e40757cdafc1932d0a
    .github/agents/build-perf.agent.md: sha256:5995d46bd024f19ee4b7a028ae8efa70b628baaa9f7cf7950cd91cdcfe3d8652
    .github/agents/msbuild-code-review.agent.md: sha256:7ad9f3d79b000551d247f39bc92ec4d3ab7a9d5dc1b66595f06c71b4a8bb5a66
    .github/agents/msbuild.agent.md: sha256:ddcc60dbe00aa6c7b66a00e61a7602dd580d8e4ac4c8881e5aca3602d749151d
  content_hash: sha256:cb55dc55d8e821d9db615e3b0f4f938aa6069bef7fd51aec30d45e3a22c67e23
- repo_url: dotnet/skills
  name: dotnet-nuget
  host: github.com
  resolved_commit: 691cd472a108927024b575e4599d273bca62c60c
  resolved_ref: 691cd472a108927024b575e4599d273bca62c60c
  version: 0.1.0
  virtual_path: plugins/dotnet-nuget
  is_virtual: true
  package_type: marketplace_plugin
  deployed_files:
  - .agents/skills/convert-to-cpm
  - .agents/skills/convert-to-cpm/SKILL.md
  - .agents/skills/convert-to-cpm/references/audit-complexities.md
  - .agents/skills/convert-to-cpm/references/baseline-comparison.md
  - .agents/skills/convert-to-cpm/references/directory-packages-props.md
  - .agents/skills/convert-to-cpm/references/msbuild-property-handling.md
  - .agents/skills/convert-to-cpm/references/validation-and-errors.md
  deployed_file_hashes:
    .agents/skills/convert-to-cpm/SKILL.md: sha256:3f72e6a7b8f71f12c70ca780f62ae2cf5b322760cdb5c7001b0074eafe8dd2f2
    .agents/skills/convert-to-cpm/references/audit-complexities.md: sha256:bc800008376654c72fbd25aca2a12ffbed4f3a99d8686292bb905db748292ae7
    .agents/skills/convert-to-cpm/references/baseline-comparison.md: sha256:27375f972010499e3503fecdcab2ba60171bc50278889451a28dbb364ba1bb91
    .agents/skills/convert-to-cpm/references/directory-packages-props.md: sha256:f2a2fc03e206982fe03ba1b006e03aee3fb08740b28d336c876d21ee68e3a113
    .agents/skills/convert-to-cpm/references/msbuild-property-handling.md: sha256:3bc84372446e38af3336dd8161ad242938c70cfa4a3960c3e04a246d28d05063
    .agents/skills/convert-to-cpm/references/validation-and-errors.md: sha256:f60a06adec7f0deb3fc8b5ca10cda9e6446c54089dd8b0246dcc3fcd6e8c836a
  content_hash: sha256:d39b41c310ac4caaa3f81493d84dea43f880e09d906ff22eaf5353b3d5fadbad
- repo_url: dotnet/skills
  name: dotnet-test
  host: github.com
  resolved_commit: 691cd472a108927024b575e4599d273bca62c60c
  resolved_ref: 691cd472a108927024b575e4599d273bca62c60c
  version: 0.1.0
  virtual_path: plugins/dotnet-test
  is_virtual: true
  package_type: marketplace_plugin
  deployed_files:
  - .agents/skills/assertion-quality
  - .agents/skills/assertion-quality/SKILL.md
  - .agents/skills/code-testing-agent
  - .agents/skills/code-testing-agent/SKILL.md
  - .agents/skills/code-testing-agent/unit-test-generation.prompt.md
  - .agents/skills/code-testing-extensions
  - .agents/skills/code-testing-extensions/SKILL.md
  - .agents/skills/code-testing-extensions/extensions/cpp-examples.md
  - .agents/skills/code-testing-extensions/extensions/cpp.md
  - .agents/skills/code-testing-extensions/extensions/dotnet-examples.md
  - .agents/skills/code-testing-extensions/extensions/dotnet.md
  - .agents/skills/code-testing-extensions/extensions/go-examples.md
  - .agents/skills/code-testing-extensions/extensions/go.md
  - .agents/skills/code-testing-extensions/extensions/java-examples.md
  - .agents/skills/code-testing-extensions/extensions/java.md
  - .agents/skills/code-testing-extensions/extensions/kotlin-examples.md
  - .agents/skills/code-testing-extensions/extensions/kotlin.md
  - .agents/skills/code-testing-extensions/extensions/powershell-examples.md
  - .agents/skills/code-testing-extensions/extensions/powershell.md
  - .agents/skills/code-testing-extensions/extensions/python-examples.md
  - .agents/skills/code-testing-extensions/extensions/python.md
  - .agents/skills/code-testing-extensions/extensions/ruby-examples.md
  - .agents/skills/code-testing-extensions/extensions/ruby.md
  - .agents/skills/code-testing-extensions/extensions/rust-examples.md
  - .agents/skills/code-testing-extensions/extensions/rust.md
  - .agents/skills/code-testing-extensions/extensions/swift.md
  - .agents/skills/code-testing-extensions/extensions/typescript-examples.md
  - .agents/skills/code-testing-extensions/extensions/typescript.md
  - .agents/skills/coverage-analysis
  - .agents/skills/coverage-analysis/SKILL.md
  - .agents/skills/coverage-analysis/references/guidelines.md
  - .agents/skills/coverage-analysis/references/output-format.md
  - .agents/skills/coverage-analysis/scripts/Compute-CrapScores.ps1
  - .agents/skills/coverage-analysis/scripts/Extract-MethodCoverage.ps1
  - .agents/skills/crap-score
  - .agents/skills/crap-score/SKILL.md
  - .agents/skills/detect-static-dependencies
  - .agents/skills/detect-static-dependencies/SKILL.md
  - .agents/skills/dotnet-test-frameworks
  - .agents/skills/dotnet-test-frameworks/SKILL.md
  - .agents/skills/filter-syntax
  - .agents/skills/filter-syntax/SKILL.md
  - .agents/skills/find-untested-sources
  - .agents/skills/find-untested-sources/SKILL.md
  - .agents/skills/find-untested-sources/scripts/Find-UntestedSources.cs
  - .agents/skills/find-untested-sources/scripts/find_untested_sources.py
  - .agents/skills/generate-testability-wrappers
  - .agents/skills/generate-testability-wrappers/SKILL.md
  - .agents/skills/grade-tests
  - .agents/skills/grade-tests/SKILL.md
  - .agents/skills/migrate-static-to-wrapper
  - .agents/skills/migrate-static-to-wrapper/SKILL.md
  - .agents/skills/mtp-hot-reload
  - .agents/skills/mtp-hot-reload/SKILL.md
  - .agents/skills/platform-detection
  - .agents/skills/platform-detection/SKILL.md
  - .agents/skills/run-tests
  - .agents/skills/run-tests/SKILL.md
  - .agents/skills/test-analysis-extensions
  - .agents/skills/test-analysis-extensions/SKILL.md
  - .agents/skills/test-analysis-extensions/extensions/cpp.md
  - .agents/skills/test-analysis-extensions/extensions/dotnet.md
  - .agents/skills/test-analysis-extensions/extensions/go.md
  - .agents/skills/test-analysis-extensions/extensions/java.md
  - .agents/skills/test-analysis-extensions/extensions/kotlin.md
  - .agents/skills/test-analysis-extensions/extensions/powershell.md
  - .agents/skills/test-analysis-extensions/extensions/python.md
  - .agents/skills/test-analysis-extensions/extensions/ruby.md
  - .agents/skills/test-analysis-extensions/extensions/rust.md
  - .agents/skills/test-analysis-extensions/extensions/swift.md
  - .agents/skills/test-analysis-extensions/extensions/typescript.md
  - .agents/skills/test-anti-patterns
  - .agents/skills/test-anti-patterns/SKILL.md
  - .agents/skills/test-gap-analysis
  - .agents/skills/test-gap-analysis/SKILL.md
  - .agents/skills/test-smell-detection
  - .agents/skills/test-smell-detection/SKILL.md
  - .agents/skills/test-smell-detection/references/test-smell-catalog.md
  - .agents/skills/test-tagging
  - .agents/skills/test-tagging/SKILL.md
  - .agents/skills/writing-mstest-tests
  - .agents/skills/writing-mstest-tests/SKILL.md
  - .github/agents/code-testing-builder.agent.md
  - .github/agents/code-testing-fixer.agent.md
  - .github/agents/code-testing-generator.agent.md
  - .github/agents/code-testing-implementer.agent.md
  - .github/agents/code-testing-linter.agent.md
  - .github/agents/code-testing-planner.agent.md
  - .github/agents/code-testing-researcher.agent.md
  - .github/agents/code-testing-tester.agent.md
  - .github/agents/test-quality-auditor.agent.md
  - .github/agents/testability-migration.agent.md
  deployed_file_hashes:
    .agents/skills/assertion-quality/SKILL.md: sha256:fbccacc2da5d6283d8bfc741c4a08baae7fa17de1b975b8fdb3d173ea5e5b548
    .agents/skills/code-testing-agent/SKILL.md: sha256:975ba31f4330f249e0701ccb05ea0d8c62a003a38f7987856d51e3ff051677a9
    .agents/skills/code-testing-agent/unit-test-generation.prompt.md: sha256:e7b84df89ffec5ca88f9de0f6ee1056c2806c2a567b203fe4e077d212d89fe06
    .agents/skills/code-testing-extensions/SKILL.md: sha256:211d1cdfc77a36bee0f2d2ee9095689899bceebe6adc5bfedcb8b5de5fa7fb47
    .agents/skills/code-testing-extensions/extensions/cpp-examples.md: sha256:68a46d9304efc0120c35eea73d5155dd21ccc84eb5dc8461118fe37289d6c1fc
    .agents/skills/code-testing-extensions/extensions/cpp.md: sha256:9a2d89347ab8c5a02a32ae2feb60d7e9cf0094f7417d129f676c8e0933090f2a
    .agents/skills/code-testing-extensions/extensions/dotnet-examples.md: sha256:034c4683312db43fbd4c6355c2006af054f740015b1483815b74cbfa07d82c11
    .agents/skills/code-testing-extensions/extensions/dotnet.md: sha256:35e4a548d535729a433426c6b0c472ba56c721d43aa85cb156e56d30739c88c9
    .agents/skills/code-testing-extensions/extensions/go-examples.md: sha256:4815e383e0b068e63bcbacc88cc6a6b5ee19823843da973e232e44596335e629
    .agents/skills/code-testing-extensions/extensions/go.md: sha256:4024cdf22cc092cb120406a74c49e58ab5af4802fa446e12416f399df7a94807
    .agents/skills/code-testing-extensions/extensions/java-examples.md: sha256:cdfcc33e33c21d0c1bee85c032f06065edb002e6e24992cd4c29078263645b47
    .agents/skills/code-testing-extensions/extensions/java.md: sha256:25b32c779b49e17dff4cbb44fa3003cd33edba27592a9f1d0ab28c135eb04125
    .agents/skills/code-testing-extensions/extensions/kotlin-examples.md: sha256:a02cae6ec0a133ad12039f4cd616ed3b5cb9e4d34b12a803a98fccb2c603f739
    .agents/skills/code-testing-extensions/extensions/kotlin.md: sha256:7553070dbf0254c1bb91c293ae8ce4313a68450cf1a451975d9f92d5367eb906
    .agents/skills/code-testing-extensions/extensions/powershell-examples.md: sha256:c526ce52c4f7451f37d122a284e55a01dd4db986a6f49c64111b3918ba536725
    .agents/skills/code-testing-extensions/extensions/powershell.md: sha256:90dd9616f65be68c63ce0a3c50a974f6aa53ad0cbeffe379a3c8309252f03715
    .agents/skills/code-testing-extensions/extensions/python-examples.md: sha256:93301c314fc5ea903d42fd6a697d0e0fa9e1469460ff8581f5a787ee6bce5746
    .agents/skills/code-testing-extensions/extensions/python.md: sha256:299b75668830dbe88747bff89355d825d7508f82937a87a3ed8d6953032efa96
    .agents/skills/code-testing-extensions/extensions/ruby-examples.md: sha256:bc9d746417daa759f18cf0767beee969ce72f95cc41f29a0b7f4cc80fdd89563
    .agents/skills/code-testing-extensions/extensions/ruby.md: sha256:9d6cc5ed7ba9269d259c39fa9754cfc93d496b5fd3abcf81bd91833a27268bbe
    .agents/skills/code-testing-extensions/extensions/rust-examples.md: sha256:f8b46a1047ad2a8f06c4d0242d67c033064b7226d39821aa6240b60813ed009f
    .agents/skills/code-testing-extensions/extensions/rust.md: sha256:6228a43826eb47112bee333ba34ebbb692770907da235af20296d8938e96ceea
    .agents/skills/code-testing-extensions/extensions/swift.md: sha256:6765fb1f54ffbe34ecd25099ea5c735bae1c2f8f93bb7ac21d3b1fa0821d2adb
    .agents/skills/code-testing-extensions/extensions/typescript-examples.md: sha256:b2178b3c89a456ef06d9dbb317602b4a266a0fd93300c07647eb4eb9fd3ea0c5
    .agents/skills/code-testing-extensions/extensions/typescript.md: sha256:011f96ef5cfc6d9d334ac1e8d32f322d1b31de9e716e6ec8e0400dd228020d49
    .agents/skills/coverage-analysis/SKILL.md: sha256:9b7714ede78411831bc2a4f6cd0eeddd8f34512206a9cfc57267cc218464c27e
    .agents/skills/coverage-analysis/references/guidelines.md: sha256:8e7bced5e4deb5e11b008f1d6f8ee69bd5f9a2bb743c9ccceb75f54a7f2790f1
    .agents/skills/coverage-analysis/references/output-format.md: sha256:f2328f0250002c25276f51373ab3b935b15b41be09c161db02d3e22316ad78c4
    .agents/skills/coverage-analysis/scripts/Compute-CrapScores.ps1: sha256:5c43c1dedbd464500eab3380cf142176bd288d8652ae0aeba45d7fedf830f526
    .agents/skills/coverage-analysis/scripts/Extract-MethodCoverage.ps1: sha256:37b3c6377dd5f654f2a0b88ceaeb4c77d8798134cbb0c9584532e7b2835f6f5b
    .agents/skills/crap-score/SKILL.md: sha256:0be501bff5042394d5b8388ce3cff8582d429ba83009d81bba5d6799df12ad45
    .agents/skills/detect-static-dependencies/SKILL.md: sha256:eefe4323542ea7c73d9d0ae6a650d095d546881eb3b0a8c56c99a8477f536ed8
    .agents/skills/dotnet-test-frameworks/SKILL.md: sha256:9de2f755d7783774ae6765e17d165b3a3339fc568c6b90bc2f9313b5b3e93696
    .agents/skills/filter-syntax/SKILL.md: sha256:ab2c30569d6c859e0f340880c7182ab87c4fe108fa65f618815d3ac85aedee52
    .agents/skills/find-untested-sources/SKILL.md: sha256:403c2a56c0e8b2767e3e4fb33d0f50c0cbdda24f273a801035acf11293fb4af8
    .agents/skills/find-untested-sources/scripts/Find-UntestedSources.cs: sha256:b6f01c528bcfbeae5f4a88c5953ece8274850c902b90f9a591b4e62ed6161e70
    .agents/skills/find-untested-sources/scripts/find_untested_sources.py: sha256:231dc55cd7558f54d09b292396370cb25f2430501bfb063266c62609ae55715f
    .agents/skills/generate-testability-wrappers/SKILL.md: sha256:4f384af7dcfaf1b9ac1eda1df8bc708db703734636bbc58f5f3f33bbbf8c29b6
    .agents/skills/grade-tests/SKILL.md: sha256:c42c8a98e2995d3487da4e151b58691fed16ac8ed1840c5b39bb2819b1a41516
    .agents/skills/migrate-static-to-wrapper/SKILL.md: sha256:63a9905eb11213f75f64aee930e2d2a131fd92be7b7913d01962070cce223bb8
    .agents/skills/mtp-hot-reload/SKILL.md: sha256:2779894f8761a1b465f57b3fd81f13db5fab5516765ef8df246a99df151203a3
    .agents/skills/platform-detection/SKILL.md: sha256:53fbe0c99edcd7c8366293826b2624bcd8ed22af4a4eb4a1529698f5db25e2b7
    .agents/skills/run-tests/SKILL.md: sha256:079570c1f0264110547764b31b30d95d50daf1251350e53c7e050c0e4b3fdcc9
    .agents/skills/test-analysis-extensions/SKILL.md: sha256:ec6f69ed00a627c0319a2bbdcfd71fcfab84eaae28900b2f814af3b27e44bd70
    .agents/skills/test-analysis-extensions/extensions/cpp.md: sha256:da2de0bb820edaf523731bf36381d2a7e71009561072204773be548e43911d50
    .agents/skills/test-analysis-extensions/extensions/dotnet.md: sha256:596126bbb9757d75827710ed7a3125e10122cf81a0ea079ac9a278706d2dfdf5
    .agents/skills/test-analysis-extensions/extensions/go.md: sha256:a885da2e49efbedfe30307c196ec71876433571ce3e5c781e6741ee9a77ab8c3
    .agents/skills/test-analysis-extensions/extensions/java.md: sha256:05f3bd254cad71e2b4ac36a3483e2a8fef41dba0ac6a983925754b60bc50758b
    .agents/skills/test-analysis-extensions/extensions/kotlin.md: sha256:ef1176cc48c807bfb6e57329df6ee093f6e2475cd629980ffc477d85d879605c
    .agents/skills/test-analysis-extensions/extensions/powershell.md: sha256:2dbbac3f475b7f7f4f817597379789af228e034d4c179460403757af26240f9b
    .agents/skills/test-analysis-extensions/extensions/python.md: sha256:e532c6eb1d362e8c0a14b90cb906a84449f0a03330ff432a72d484c79ece0e5d
    .agents/skills/test-analysis-extensions/extensions/ruby.md: sha256:422044981b8672c26f6c47ac9f828aa25f03eac5cc0c9a2354843a6980a297bc
    .agents/skills/test-analysis-extensions/extensions/rust.md: sha256:d92041fc8142311070e9c02a5590ac9d10eef0baa4aa9136e163e2c526871725
    .agents/skills/test-analysis-extensions/extensions/swift.md: sha256:41f4b7c9b8827de0737778ca24de5de26ccd1a3f5ff58d6f58a135fc576c4c52
    .agents/skills/test-analysis-extensions/extensions/typescript.md: sha256:7dd98060c3941ec791f1128ef67d77cad2733ee8381e39f14ccdc19ad48f90ef
    .agents/skills/test-anti-patterns/SKILL.md: sha256:7f2742ee23ca9c91d5c68fdd81e4e6b0bc21aaa4c570b4538454e0899a1b16ec
    .agents/skills/test-gap-analysis/SKILL.md: sha256:3a0a70911a37f680eb7ad7926b65be071cc1657a96900c91e0fa189e02b78b4a
    .agents/skills/test-smell-detection/SKILL.md: sha256:d5597861bb37d83743d2e97a6909139429524cccf37aabd61988f9d5a9840733
    .agents/skills/test-smell-detection/references/test-smell-catalog.md: sha256:001e04c54d73940df65090c6915e87b07aac8cddcc26be139c7d9770dc0a8b99
    .agents/skills/test-tagging/SKILL.md: sha256:874745af561a9b04b67f19adf587cb3b58f60d0e186345f1c799dfa23cf589e0
    .agents/skills/writing-mstest-tests/SKILL.md: sha256:be9f5e5caf3e4c3b7b09478e55d01aaccce2fcd59198c11ca9386b3db9cd678b
    .github/agents/code-testing-builder.agent.md: sha256:4caf996507502b260afddee4b36062691c00cb6111ccf1cedb12b0ca8ac9681e
    .github/agents/code-testing-fixer.agent.md: sha256:63f6b83e5affdc405db369663e6da5245ec502d6d93826bd1263919e7b3d4374
    .github/agents/code-testing-generator.agent.md: sha256:fc7f96ddbd66398dc2e94950a01a038d953d2ccb91e08ee171d0f998a34f212f
    .github/agents/code-testing-implementer.agent.md: sha256:f3067c730e166a582f834968a2bc042a45a6efd7d38ea753ae3d65a34e112891
    .github/agents/code-testing-linter.agent.md: sha256:81ce088dce035d6314e3447c423fe9798144ae612bac0cba7bcf5bee90baa1c5
    .github/agents/code-testing-planner.agent.md: sha256:a4dd6bd81c08fc662cab8e1a755d6fde3b11a1de95d3af5e0bc6a7677aeb92b1
    .github/agents/code-testing-researcher.agent.md: sha256:f1e5de26327ac923151e688faf9dc78dbed98880ff790c78ea36f3bd3f4edd97
    .github/agents/code-testing-tester.agent.md: sha256:41efd087a3f742ff64bf7a2181548430c2662f3a2b3bef92aa906e7e6ec24313
    .github/agents/test-quality-auditor.agent.md: sha256:180b6f070f73dd87bbbc233e7c08bb6e8a164a85c3494016ecca025df71ff312
    .github/agents/testability-migration.agent.md: sha256:cad6dd9a0ef2ee4a3062e33c428a8fa42e6442999f1e107b9e3c9a4a228bbfe6
  content_hash: sha256:d0a687e17d32e5adc4602d5d9a1a9444ab3ac496e9b257cd88cdb0b888b26e85
- repo_url: dotnet/skills
  name: dotnet-test-migration
  host: github.com
  resolved_commit: 691cd472a108927024b575e4599d273bca62c60c
  resolved_ref: 691cd472a108927024b575e4599d273bca62c60c
  version: 0.1.0
  virtual_path: plugins/dotnet-test-migration
  is_virtual: true
  package_type: marketplace_plugin
  deployed_files:
  - .agents/skills/migrate-mstest-v1v2-to-v3
  - .agents/skills/migrate-mstest-v1v2-to-v3/SKILL.md
  - .agents/skills/migrate-mstest-v3-to-v4
  - .agents/skills/migrate-mstest-v3-to-v4/SKILL.md
  - .agents/skills/migrate-vstest-to-mtp
  - .agents/skills/migrate-vstest-to-mtp/SKILL.md
  - .agents/skills/migrate-xunit-to-mstest
  - .agents/skills/migrate-xunit-to-mstest/SKILL.md
  - .agents/skills/migrate-xunit-to-mstest/references/mapping-cheatsheet.md
  - .agents/skills/migrate-xunit-to-xunit-v3
  - .agents/skills/migrate-xunit-to-xunit-v3/SKILL.md
  - .github/agents/test-migration.agent.md
  deployed_file_hashes:
    .agents/skills/migrate-mstest-v1v2-to-v3/SKILL.md: sha256:2b5ea0af701b37366ee478367c47844f95dd9631c95dcf82bdb58db1fc87f404
    .agents/skills/migrate-mstest-v3-to-v4/SKILL.md: sha256:20efaa1256c5aae30ee03e810f7f5ac328c94b20b0853773ee928ce8493ab25c
    .agents/skills/migrate-vstest-to-mtp/SKILL.md: sha256:cfd50c87a6a35623ba88743f9b0da120e5691ff77bb4c90d2565b41d9c30f700
    .agents/skills/migrate-xunit-to-mstest/SKILL.md: sha256:a680bb6d36a3aa7ecd3a1e34348b2f78423ad5c93418ce64a67df88935e7ae09
    .agents/skills/migrate-xunit-to-mstest/references/mapping-cheatsheet.md: sha256:cc531b415f93b60dbc14499a8b0e8b5963189e39297f17edf7f521ef6de5ac84
    .agents/skills/migrate-xunit-to-xunit-v3/SKILL.md: sha256:0481be42764236a4bf8aa67d1e8ff75f7000913dbdcb80312b0d612c2ceaeb34
    .github/agents/test-migration.agent.md: sha256:e6ad811429bb33306bc803ba52b87308160d0a8e972e6e0574bb514f1169fc18
  content_hash: sha256:80ad285af6d3da05b1324da5693d032b65c3106d23b8bc010f81ec9b37922695
- repo_url: dotnet/skills
  name: dotnet-upgrade
  host: github.com
  resolved_commit: 691cd472a108927024b575e4599d273bca62c60c
  resolved_ref: 691cd472a108927024b575e4599d273bca62c60c
  version: 0.1.0
  virtual_path: plugins/dotnet-upgrade
  is_virtual: true
  package_type: marketplace_plugin
  deployed_files:
  - .agents/skills/dotnet-aot-compat
  - .agents/skills/dotnet-aot-compat/SKILL.md
  - .agents/skills/dotnet-aot-compat/references/polyfills.md
  - .agents/skills/migrate-dotnet10-to-dotnet11
  - .agents/skills/migrate-dotnet10-to-dotnet11/SKILL.md
  - .agents/skills/migrate-dotnet10-to-dotnet11/references/aspnetcore-dotnet10to11.md
  - .agents/skills/migrate-dotnet10-to-dotnet11/references/core-libraries-dotnet10to11.md
  - .agents/skills/migrate-dotnet10-to-dotnet11/references/cryptography-dotnet10to11.md
  - .agents/skills/migrate-dotnet10-to-dotnet11/references/csharp-compiler-dotnet10to11.md
  - .agents/skills/migrate-dotnet10-to-dotnet11/references/efcore-dotnet10to11.md
  - .agents/skills/migrate-dotnet10-to-dotnet11/references/runtime-jit-dotnet10to11.md
  - .agents/skills/migrate-dotnet10-to-dotnet11/references/sdk-msbuild-dotnet10to11.md
  - .agents/skills/migrate-dotnet8-to-dotnet9
  - .agents/skills/migrate-dotnet8-to-dotnet9/SKILL.md
  - .agents/skills/migrate-dotnet8-to-dotnet9/references/aspnet-core-dotnet8to9.md
  - .agents/skills/migrate-dotnet8-to-dotnet9/references/containers-interop-dotnet8to9.md
  - .agents/skills/migrate-dotnet8-to-dotnet9/references/core-libraries-dotnet8to9.md
  - .agents/skills/migrate-dotnet8-to-dotnet9/references/cryptography-dotnet8to9.md
  - .agents/skills/migrate-dotnet8-to-dotnet9/references/csharp-compiler-dotnet8to9.md
  - .agents/skills/migrate-dotnet8-to-dotnet9/references/deployment-runtime-dotnet8to9.md
  - .agents/skills/migrate-dotnet8-to-dotnet9/references/efcore-dotnet8to9.md
  - .agents/skills/migrate-dotnet8-to-dotnet9/references/sdk-msbuild-dotnet8to9.md
  - .agents/skills/migrate-dotnet8-to-dotnet9/references/serialization-networking-dotnet8to9.md
  - .agents/skills/migrate-dotnet8-to-dotnet9/references/winforms-wpf-dotnet8to9.md
  - .agents/skills/migrate-dotnet9-to-dotnet10
  - .agents/skills/migrate-dotnet9-to-dotnet10/SKILL.md
  - .agents/skills/migrate-dotnet9-to-dotnet10/references/aspnet-core-dotnet9to10.md
  - .agents/skills/migrate-dotnet9-to-dotnet10/references/containers-interop-dotnet9to10.md
  - .agents/skills/migrate-dotnet9-to-dotnet10/references/core-libraries-dotnet9to10.md
  - .agents/skills/migrate-dotnet9-to-dotnet10/references/cryptography-dotnet9to10.md
  - .agents/skills/migrate-dotnet9-to-dotnet10/references/csharp-compiler-dotnet9to10.md
  - .agents/skills/migrate-dotnet9-to-dotnet10/references/efcore-dotnet9to10.md
  - .agents/skills/migrate-dotnet9-to-dotnet10/references/extensions-hosting-dotnet9to10.md
  - .agents/skills/migrate-dotnet9-to-dotnet10/references/sdk-msbuild-dotnet9to10.md
  - .agents/skills/migrate-dotnet9-to-dotnet10/references/serialization-networking-dotnet9to10.md
  - .agents/skills/migrate-dotnet9-to-dotnet10/references/winforms-wpf-dotnet9to10.md
  - .agents/skills/migrate-nullable-references
  - .agents/skills/migrate-nullable-references/SKILL.md
  - .agents/skills/migrate-nullable-references/references/aspnet-core.md
  - .agents/skills/migrate-nullable-references/references/breaking-changes.md
  - .agents/skills/migrate-nullable-references/references/ef-core.md
  - .agents/skills/migrate-nullable-references/references/nullable-attributes.md
  - .agents/skills/migrate-nullable-references/scripts/Get-NullableReadiness.ps1
  - .agents/skills/thread-abort-migration
  - .agents/skills/thread-abort-migration/SKILL.md
  deployed_file_hashes:
    .agents/skills/dotnet-aot-compat/SKILL.md: sha256:7971aab97bdd585def34e7548b81e7d8efb0f8362fea8e9015a40dbc21a90402
    .agents/skills/dotnet-aot-compat/references/polyfills.md: sha256:d60c955f0fc16fc0d90ac34242e7e14ac2c773a5405c2f53850dbe795b8fa31f
    .agents/skills/migrate-dotnet10-to-dotnet11/SKILL.md: sha256:63dc826d2cbe5a1becbd33dfb5d4c296434ea5cd2f314531133c36a8cb2b8ed8
    .agents/skills/migrate-dotnet10-to-dotnet11/references/aspnetcore-dotnet10to11.md: sha256:db79207394b5ba5b7ae7159bc1a4e3e9b500efa209896539bfc4ce6d27cb3ac5
    .agents/skills/migrate-dotnet10-to-dotnet11/references/core-libraries-dotnet10to11.md: sha256:a92004ded0f412b0129f77cd0e6eeead756052b743f2b848da00cdfe243c1f7b
    .agents/skills/migrate-dotnet10-to-dotnet11/references/cryptography-dotnet10to11.md: sha256:5e5a9f45acff9a0cbe77df80a328e7ba1cc7d305c5061dd6370fb3409704d78a
    .agents/skills/migrate-dotnet10-to-dotnet11/references/csharp-compiler-dotnet10to11.md: sha256:67ed87efb6f049b43a92dedb8bfb225a556a71451c6d85a3430a7d01afc526bb
    .agents/skills/migrate-dotnet10-to-dotnet11/references/efcore-dotnet10to11.md: sha256:85681798e06385d00b9ec9bd5358a0c87fbe481f9f75833b58eb6478c6563599
    .agents/skills/migrate-dotnet10-to-dotnet11/references/runtime-jit-dotnet10to11.md: sha256:3bb6c41df25f854d39d531d0ddd72faa41e5a2117343fa2aa118016540d6ed36
    .agents/skills/migrate-dotnet10-to-dotnet11/references/sdk-msbuild-dotnet10to11.md: sha256:2c9588ca9b69a46ca635dac912d3ac6d6880c84615016e60df464f7b3bc8ba3b
    .agents/skills/migrate-dotnet8-to-dotnet9/SKILL.md: sha256:95d6de4776ccd6b8a71bf1ce776eb3cd8ddb67b590ce1ca66db4785a2d91d9a8
    .agents/skills/migrate-dotnet8-to-dotnet9/references/aspnet-core-dotnet8to9.md: sha256:6d8695375489c6431a8c3acbdc4f1de7c4efebc84615fb04e397e4d834e8fc54
    .agents/skills/migrate-dotnet8-to-dotnet9/references/containers-interop-dotnet8to9.md: sha256:e10129fbca91f5eff00a9eba0a1687f78861de18d512e3a52d73eb1867650a5d
    .agents/skills/migrate-dotnet8-to-dotnet9/references/core-libraries-dotnet8to9.md: sha256:ea5d40eb5bd01213a01969d9e8be1838367e7627cf1ba5be567b3efc26267d91
    .agents/skills/migrate-dotnet8-to-dotnet9/references/cryptography-dotnet8to9.md: sha256:acdfb7016c4b050f8ea1907593f613c4632604499ac5f1bafb447b79045052f4
    .agents/skills/migrate-dotnet8-to-dotnet9/references/csharp-compiler-dotnet8to9.md: sha256:0a59413db5f0aedd1ee6b073e4ffce5a6ed6ef61dca254d87dfe33d360f300e0
    .agents/skills/migrate-dotnet8-to-dotnet9/references/deployment-runtime-dotnet8to9.md: sha256:c4fa49cb4feceafbea4e6256cbd1b9b56207a26e56b5d8f47c38480d392f146d
    .agents/skills/migrate-dotnet8-to-dotnet9/references/efcore-dotnet8to9.md: sha256:4b16813cb4a6de2db4e8123212565583144206da28812f0d1855edb515032bba
    .agents/skills/migrate-dotnet8-to-dotnet9/references/sdk-msbuild-dotnet8to9.md: sha256:f413c1da8a1c249f44a62c63b195149eccd7c5a1be6971ec89498bc4d73d67e4
    .agents/skills/migrate-dotnet8-to-dotnet9/references/serialization-networking-dotnet8to9.md: sha256:ac1bc17ece41c8645e71dc51d6a26264475770004b42438410af0570b2b4108f
    .agents/skills/migrate-dotnet8-to-dotnet9/references/winforms-wpf-dotnet8to9.md: sha256:0c8736b3e7360e9ee3042a2e6f5b50cb3688cace295c77c3bb048dc66f9c96e2
    .agents/skills/migrate-dotnet9-to-dotnet10/SKILL.md: sha256:f3f6993993ff7b33df6ae8950b61ed4ab72bc2c053e099a1eb1d5a1452655ff9
    .agents/skills/migrate-dotnet9-to-dotnet10/references/aspnet-core-dotnet9to10.md: sha256:5d21ef7d5bf416628b4af58e6e06fb46954c5f37307ea8cfc013c0cf15cddb89
    .agents/skills/migrate-dotnet9-to-dotnet10/references/containers-interop-dotnet9to10.md: sha256:4f64e899e98fc4e9cc45b6fff6cffdb6fc732a684d0b40e0858e43f1f536c49b
    .agents/skills/migrate-dotnet9-to-dotnet10/references/core-libraries-dotnet9to10.md: sha256:76744765e0886d8ffa68b7852dbbd25c492eb37cd7c6820f2501bf567a79b517
    .agents/skills/migrate-dotnet9-to-dotnet10/references/cryptography-dotnet9to10.md: sha256:718e4accfcb5bb7f7ed38ad52b92a12e616c2bc2416b605ae1ced0468cbec022
    .agents/skills/migrate-dotnet9-to-dotnet10/references/csharp-compiler-dotnet9to10.md: sha256:a6a158726c4b98d89323fe3139368bcc0833404a636282732b0717a5b45ee8fa
    .agents/skills/migrate-dotnet9-to-dotnet10/references/efcore-dotnet9to10.md: sha256:8864ae3710386eae2d1ef7201ad067904b9f7f022fa2649c4541e8b561438488
    .agents/skills/migrate-dotnet9-to-dotnet10/references/extensions-hosting-dotnet9to10.md: sha256:6a762de960712fcd83f6bee173ee85db5e098d60d4e2a553c7fcf41322f28a7d
    .agents/skills/migrate-dotnet9-to-dotnet10/references/sdk-msbuild-dotnet9to10.md: sha256:ffcab567221a4a6439944be69f3e9d131e37b5f4afcfe4af377c7ef679155312
    .agents/skills/migrate-dotnet9-to-dotnet10/references/serialization-networking-dotnet9to10.md: sha256:8f935a471ea2da9c132763851bff73f9b011facd26255579bc0bf8448975bee5
    .agents/skills/migrate-dotnet9-to-dotnet10/references/winforms-wpf-dotnet9to10.md: sha256:d82418368d9f0967a9d72606ec6270b040b74721f5255a644a43e31b42526658
    .agents/skills/migrate-nullable-references/SKILL.md: sha256:4c229d8b7626a3737b2cf26ea89583a90fecf4f1d9136f04377688c75f22879b
    .agents/skills/migrate-nullable-references/references/aspnet-core.md: sha256:5db76c4148b682aac61f7e6349276a833b042a5284c7f625fef65dbbdd9a65d7
    .agents/skills/migrate-nullable-references/references/breaking-changes.md: sha256:f46fa6d6b2eb3c3cc6b4f1a826c1e3668502fd73d7215e03b4ef171e45bcf692
    .agents/skills/migrate-nullable-references/references/ef-core.md: sha256:98ef960c73c820925d9d6fb6801e65b15a12b4b9f3dcb5ececc5ccc6778b1ff1
    .agents/skills/migrate-nullable-references/references/nullable-attributes.md: sha256:81a71f6bc0997ba44956fce3de28b61ebf6ad6fbc32cf5cca2efe2ceabc9cb7b
    .agents/skills/migrate-nullable-references/scripts/Get-NullableReadiness.ps1: sha256:61a5540f17c00b3da4d97dbbe82df85c2ccc1c580795586afe6af002d21493e6
    .agents/skills/thread-abort-migration/SKILL.md: sha256:0dfe570c456b940b44f5283f03bebe487261ee0dc036cad05a201f871c06e9eb
  content_hash: sha256:f16b443b8d67e3302ecd69deb0537a805cbc3bbdad53142d38853f3992f641ba
- repo_url: mattpocock/skills
  name: skills
  host: github.com
  resolved_commit: 5d78bd0903420f97c791f834201e550c765699f8
  resolved_ref: 5d78bd0903420f97c791f834201e550c765699f8
  version: unknown
  virtual_path: skills/productivity/grill-me
  is_virtual: true
  package_type: claude_skill
  deployed_files:
  - .agents/skills/grill-me
  - .agents/skills/grill-me/SKILL.md
  deployed_file_hashes:
    .agents/skills/grill-me/SKILL.md: sha256:6189dfceb7304a6e5558f75d87e68fa3bc7fcf7ba120e44f21f8a61fe01eba54
  content_hash: sha256:f321507f77702a54af1db66549ec1685fc625390d06c57d7949cdcda8eb1b5c7
- repo_url: microsoftdocs/mcp
  name: mcp
  host: github.com
  resolved_commit: caa3d670bf2814171dba4f7346ece5080964021e
  resolved_ref: caa3d670bf2814171dba4f7346ece5080964021e
  version: unknown
  virtual_path: skills/microsoft-code-reference
  is_virtual: true
  package_type: claude_skill
  deployed_files:
  - .agents/skills/microsoft-code-reference
  - .agents/skills/microsoft-code-reference/SKILL.md
  deployed_file_hashes:
    .agents/skills/microsoft-code-reference/SKILL.md: sha256:36354e87d7095fbba0b7138c251ee6fd30f85a89d35a0909e4a6aafdf74280fe
  content_hash: sha256:b8f19fa71bfbb9b6c6e586c9135fbc4baa4df4aa3e2da2398d7db4add6fde1c3
- repo_url: microsoftdocs/mcp
  name: mcp
  host: github.com
  resolved_commit: caa3d670bf2814171dba4f7346ece5080964021e
  resolved_ref: caa3d670bf2814171dba4f7346ece5080964021e
  version: unknown
  virtual_path: skills/microsoft-docs
  is_virtual: true
  package_type: claude_skill
  deployed_files:
  - .agents/skills/microsoft-docs
  - .agents/skills/microsoft-docs/SKILL.md
  deployed_file_hashes:
    .agents/skills/microsoft-docs/SKILL.md: sha256:23d6c309124c4dd7f96ef7166a1998814b4eaeca7e3d654bdac2feacde7e16d1
  content_hash: sha256:0acd8d2629937e021d605fd1426e641295909e13bab47cad1153793f5564e85e
mcp_servers:
- binlog
mcp_configs:
  binlog:
    name: binlog
    transport: stdio
    args:
    - exec
    - --
    - dotnet
    - dnx
    - Microsoft.AITools.BinlogMcp
    - --yes
    registry: false
    command: mise
