# @generated - this file is auto-generated by `mise lock` https://mise.jdx.dev/dev-tools/mise-lock.html

[[tools.dotenv-linter]]
version = "4.0.0"
backend = "aqua:dotenv-linter/dotenv-linter"

[tools.dotenv-linter."platforms.linux-x64"]
checksum = "sha256:9e2f1f6eb88a71ac15ef209f78f5a68644db82f132d2677112b4f80ec2bd2127"
url = "https://github.com/dotenv-linter/dotenv-linter/releases/download/v4.0.0/dotenv-linter-linux-x86_64.tar.gz"

[tools.dotenv-linter."platforms.linux-x64-musl"]
checksum = "sha256:9e2f1f6eb88a71ac15ef209f78f5a68644db82f132d2677112b4f80ec2bd2127"
url = "https://github.com/dotenv-linter/dotenv-linter/releases/download/v4.0.0/dotenv-linter-linux-x86_64.tar.gz"

[tools.dotenv-linter."platforms.macos-arm64"]
checksum = "sha256:143361bcd3c859cac0b16a6eaa51f3f69f270f17a55431e2e44d76722a7f0271"
url = "https://github.com/dotenv-linter/dotenv-linter/releases/download/v4.0.0/dotenv-linter-darwin-x86_64.tar.gz"

[tools.dotenv-linter."platforms.macos-x64"]
checksum = "sha256:143361bcd3c859cac0b16a6eaa51f3f69f270f17a55431e2e44d76722a7f0271"
url = "https://github.com/dotenv-linter/dotenv-linter/releases/download/v4.0.0/dotenv-linter-darwin-x86_64.tar.gz"

[tools.dotenv-linter."platforms.windows-x64"]
checksum = "sha256:771214659b86d2de5c8c5214e6d59484ceb0de8a87037d488ce37d6ca6f6cc1a"
url = "https://github.com/dotenv-linter/dotenv-linter/releases/download/v4.0.0/dotenv-linter-win-x64.zip"

[[tools.dotnet]]
version = "10.0.3"
backend = "asdf:dotnet"

[tools.dotnet."platforms.linux-arm64"]
url = "https://builds.dotnet.microsoft.com/dotnet/Sdk/10.0.103/dotnet-sdk-10.0.103-linux-arm64.tar.gz"

[tools.dotnet."platforms.linux-arm64-musl"]
url = "https://builds.dotnet.microsoft.com/dotnet/Sdk/10.0.103/dotnet-sdk-10.0.103-linux-arm64.tar.gz"

[tools.dotnet."platforms.linux-x64"]
url = "https://builds.dotnet.microsoft.com/dotnet/Sdk/10.0.103/dotnet-sdk-10.0.103-linux-x64.tar.gz"

[tools.dotnet."platforms.linux-x64-musl"]
url = "https://builds.dotnet.microsoft.com/dotnet/Sdk/10.0.103/dotnet-sdk-10.0.103-linux-x64.tar.gz"

[tools.dotnet."platforms.macos-arm64"]
url = "https://builds.dotnet.microsoft.com/dotnet/Sdk/10.0.103/dotnet-sdk-10.0.103-osx-arm64.tar.gz"

[tools.dotnet."platforms.macos-x64"]
url = "https://builds.dotnet.microsoft.com/dotnet/Sdk/10.0.103/dotnet-sdk-10.0.103-osx-x64.tar.gz"

[tools.dotnet."platforms.windows-x64"]
url = "https://builds.dotnet.microsoft.com/dotnet/Sdk/10.0.103/dotnet-sdk-10.0.103-win-x64.zip"

[[tools.fd]]
version = "10.3.0"
backend = "aqua:sharkdp/fd"

[tools.fd."platforms.linux-arm64"]
checksum = "sha256:996b9b1366433b211cb3bbedba91c9dbce2431842144d925428ead0adf32020b"
url = "https://github.com/sharkdp/fd/releases/download/v10.3.0/fd-v10.3.0-aarch64-unknown-linux-musl.tar.gz"

[tools.fd."platforms.linux-arm64-musl"]
checksum = "sha256:996b9b1366433b211cb3bbedba91c9dbce2431842144d925428ead0adf32020b"
url = "https://github.com/sharkdp/fd/releases/download/v10.3.0/fd-v10.3.0-aarch64-unknown-linux-musl.tar.gz"

[tools.fd."platforms.linux-x64"]
checksum = "sha256:2b6bfaae8c48f12050813c2ffe1884c61ea26e750d803df9c9114550a314cd14"
url = "https://github.com/sharkdp/fd/releases/download/v10.3.0/fd-v10.3.0-x86_64-unknown-linux-musl.tar.gz"

[tools.fd."platforms.linux-x64-musl"]
checksum = "sha256:2b6bfaae8c48f12050813c2ffe1884c61ea26e750d803df9c9114550a314cd14"
url = "https://github.com/sharkdp/fd/releases/download/v10.3.0/fd-v10.3.0-x86_64-unknown-linux-musl.tar.gz"

[tools.fd."platforms.macos-arm64"]
checksum = "sha256:0570263812089120bc2a5d84f9e65cd0c25e4a4d724c80075c357239c74ae904"
url = "https://github.com/sharkdp/fd/releases/download/v10.3.0/fd-v10.3.0-aarch64-apple-darwin.tar.gz"

[tools.fd."platforms.macos-x64"]
checksum = "sha256:50d30f13fe3d5914b14c4fff5abcbd4d0cdab4b855970a6956f4f006c17117a3"
url = "https://github.com/sharkdp/fd/releases/download/v10.3.0/fd-v10.3.0-x86_64-apple-darwin.tar.gz"

[tools.fd."platforms.windows-x64"]
checksum = "sha256:318aa2a6fa664325933e81fda60d523fff29444129e91ebf0726b5b3bcd8b059"
url = "https://github.com/sharkdp/fd/releases/download/v10.3.0/fd-v10.3.0-x86_64-pc-windows-msvc.zip"

[[tools.fd]]
version = "10.4.2"
backend = "aqua:sharkdp/fd"

[tools.fd."platforms.linux-arm64"]
checksum = "sha256:f32d3657473fba74e2600babc8db0b93420d51169223b7e8143b2ed55d8fd9e8"
url = "https://github.com/sharkdp/fd/releases/download/v10.4.2/fd-v10.4.2-aarch64-unknown-linux-musl.tar.gz"

[tools.fd."platforms.linux-arm64-musl"]
checksum = "sha256:f32d3657473fba74e2600babc8db0b93420d51169223b7e8143b2ed55d8fd9e8"
url = "https://github.com/sharkdp/fd/releases/download/v10.4.2/fd-v10.4.2-aarch64-unknown-linux-musl.tar.gz"

[tools.fd."platforms.linux-x64"]
checksum = "sha256:e3257d48e29a6be965187dbd24ce9af564e0fe67b3e73c9bdcd180f4ec11bdde"
url = "https://github.com/sharkdp/fd/releases/download/v10.4.2/fd-v10.4.2-x86_64-unknown-linux-musl.tar.gz"

[tools.fd."platforms.linux-x64-musl"]
checksum = "sha256:e3257d48e29a6be965187dbd24ce9af564e0fe67b3e73c9bdcd180f4ec11bdde"
url = "https://github.com/sharkdp/fd/releases/download/v10.4.2/fd-v10.4.2-x86_64-unknown-linux-musl.tar.gz"

[tools.fd."platforms.macos-arm64"]
checksum = "sha256:623dc0afc81b92e4d4606b380d7bc91916ba7b97814263e554d50923a39e480a"
url = "https://github.com/sharkdp/fd/releases/download/v10.4.2/fd-v10.4.2-aarch64-apple-darwin.tar.gz"

[tools.fd."platforms.windows-x64"]
checksum = "sha256:b2816e506390a89941c63c9187d58a3cc10e9a55f2ef0685f9ea0eccaf7c98c8"
url = "https://github.com/sharkdp/fd/releases/download/v10.4.2/fd-v10.4.2-x86_64-pc-windows-msvc.zip"

[[tools.github-cli]]
version = "2.86.0"
backend = "aqua:cli/cli"

[tools.github-cli."platforms.linux-arm64"]
checksum = "sha256:83cf7a7962ea9dfcc2c123666695792916a87af32cba5f1f6e585db08fa57547"
url = "https://github.com/cli/cli/releases/download/v2.86.0/gh_2.86.0_linux_arm64.tar.gz"

[tools.github-cli."platforms.linux-arm64-musl"]
checksum = "sha256:83cf7a7962ea9dfcc2c123666695792916a87af32cba5f1f6e585db08fa57547"
url = "https://github.com/cli/cli/releases/download/v2.86.0/gh_2.86.0_linux_arm64.tar.gz"

[tools.github-cli."platforms.linux-x64"]
checksum = "sha256:f3b08bd6a28420cc2229b0a1a687fa25f2b838d3f04b297414c1041ca68103c7"
url = "https://github.com/cli/cli/releases/download/v2.86.0/gh_2.86.0_linux_amd64.tar.gz"

[tools.github-cli."platforms.linux-x64-musl"]
checksum = "sha256:f3b08bd6a28420cc2229b0a1a687fa25f2b838d3f04b297414c1041ca68103c7"
url = "https://github.com/cli/cli/releases/download/v2.86.0/gh_2.86.0_linux_amd64.tar.gz"

[tools.github-cli."platforms.macos-arm64"]
checksum = "sha256:bde753978a352c5ae6c4abec47334d516e82807af20c9dbbd45507a5a0aedaaa"
url = "https://github.com/cli/cli/releases/download/v2.86.0/gh_2.86.0_macOS_arm64.zip"

[tools.github-cli."platforms.macos-x64"]
checksum = "sha256:ced7094d05702eb54a63542abd8a1dc570b7e5ae94951844eb1626ba74bc2c60"
url = "https://github.com/cli/cli/releases/download/v2.86.0/gh_2.86.0_macOS_amd64.zip"

[tools.github-cli."platforms.windows-x64"]
checksum = "sha256:983c74a8c594366b198485187cd6d4d07638f0bf9a9948d51a2a81a5164d8bfd"
url = "https://github.com/cli/cli/releases/download/v2.86.0/gh_2.86.0_windows_amd64.zip"

[[tools.github-cli]]
version = "2.88.0"
backend = "aqua:cli/cli"

[tools.github-cli."platforms.linux-arm64"]
checksum = "sha256:d9bffed5c9bb65fca9d6097eaa3ebd6edb7438c8bfd641f8595a39c7dc69042f"
url = "https://github.com/cli/cli/releases/download/v2.88.0/gh_2.88.0_linux_arm64.tar.gz"

[tools.github-cli."platforms.linux-arm64-musl"]
checksum = "sha256:d9bffed5c9bb65fca9d6097eaa3ebd6edb7438c8bfd641f8595a39c7dc69042f"
url = "https://github.com/cli/cli/releases/download/v2.88.0/gh_2.88.0_linux_arm64.tar.gz"

[tools.github-cli."platforms.linux-x64"]
checksum = "sha256:4d268420ad31846a807e3012ac4b6547df662777e7776fa7f4c55ce062e15b15"
url = "https://github.com/cli/cli/releases/download/v2.88.0/gh_2.88.0_linux_amd64.tar.gz"

[tools.github-cli."platforms.linux-x64-musl"]
checksum = "sha256:4d268420ad31846a807e3012ac4b6547df662777e7776fa7f4c55ce062e15b15"
url = "https://github.com/cli/cli/releases/download/v2.88.0/gh_2.88.0_linux_amd64.tar.gz"

[tools.github-cli."platforms.macos-arm64"]
checksum = "sha256:0ea4edb4b1be0ffa2b4c53bcce81691dd58647bb03bfb5b9fdb01ee5b2afc581"
url = "https://github.com/cli/cli/releases/download/v2.88.0/gh_2.88.0_macOS_arm64.zip"

[tools.github-cli."platforms.macos-x64"]
checksum = "sha256:49d309a6b2152807fb0a70d6db02d14a2d9264b01f52c852938aadb331f4cf70"
url = "https://github.com/cli/cli/releases/download/v2.88.0/gh_2.88.0_macOS_amd64.zip"

[tools.github-cli."platforms.windows-x64"]
checksum = "sha256:0cbf0abde47cd873edbf937e30665d665c07145ff14199f81358d0188affae57"
url = "https://github.com/cli/cli/releases/download/v2.88.0/gh_2.88.0_windows_amd64.zip"

[[tools."github:hadolint/hadolint"]]
version = "2.14.0"
backend = "github:hadolint/hadolint"

[tools."github:hadolint/hadolint"."platforms.linux-arm64"]
checksum = "sha256:331f1d3511b84a4f1e3d18d52fec284723e4019552f4f47b19322a53ce9a40ed"
url = "https://github.com/hadolint/hadolint/releases/download/v2.14.0/hadolint-linux-arm64"
url_api = "https://api.github.com/repos/hadolint/hadolint/releases/assets/295944081"

[tools."github:hadolint/hadolint"."platforms.linux-arm64-musl"]
checksum = "sha256:331f1d3511b84a4f1e3d18d52fec284723e4019552f4f47b19322a53ce9a40ed"
url = "https://github.com/hadolint/hadolint/releases/download/v2.14.0/hadolint-linux-arm64"
url_api = "https://api.github.com/repos/hadolint/hadolint/releases/assets/295944081"

[tools."github:hadolint/hadolint"."platforms.linux-x64"]
checksum = "sha256:6bf226944684f56c84dd014e8b979d27425c0148f61b3bd99bcc6f39e9dc5a47"
url = "https://github.com/hadolint/hadolint/releases/download/v2.14.0/hadolint-linux-x86_64"
url_api = "https://api.github.com/repos/hadolint/hadolint/releases/assets/295944080"

[tools."github:hadolint/hadolint"."platforms.linux-x64-musl"]
checksum = "sha256:6bf226944684f56c84dd014e8b979d27425c0148f61b3bd99bcc6f39e9dc5a47"
url = "https://github.com/hadolint/hadolint/releases/download/v2.14.0/hadolint-linux-x86_64"
url_api = "https://api.github.com/repos/hadolint/hadolint/releases/assets/295944080"

[tools."github:hadolint/hadolint"."platforms.macos-arm64"]
checksum = "sha256:3625e2e9f43dcfe7bd38738a5f5520ed50ce39ed28485266e6803dd7bc197b10"
url = "https://github.com/hadolint/hadolint/releases/download/v2.14.0/hadolint-macos-arm64"
url_api = "https://api.github.com/repos/hadolint/hadolint/releases/assets/295944077"

[tools."github:hadolint/hadolint"."platforms.macos-x64"]
checksum = "sha256:2b69a853433f1eca522ffb921cd490bd1321424d03331fd8390f93b7fb4a02e9"
url = "https://github.com/hadolint/hadolint/releases/download/v2.14.0/hadolint-macos-x86_64"
url_api = "https://api.github.com/repos/hadolint/hadolint/releases/assets/295944082"

[tools."github:hadolint/hadolint"."platforms.windows-x64"]
checksum = "sha256:8e0ee174f88edb14f207a68430c7a53c2883ed509cdbde9a3a26fffa140fa5e4"
url = "https://github.com/hadolint/hadolint/releases/download/v2.14.0/hadolint-windows-x86_64.exe"
url_api = "https://api.github.com/repos/hadolint/hadolint/releases/assets/295944079"

[[tools."github:koalaman/shellcheck"]]
version = "latest"
backend = "github:koalaman/shellcheck"

[tools."github:koalaman/shellcheck"."platforms.linux-arm64"]
checksum = "sha256:68a8133197a50beb8803f8d42f9908d1af1c5540d4bb05fdfca8c1fa47decefc"
url = "https://github.com/koalaman/shellcheck/releases/download/v0.11.0/shellcheck-v0.11.0.linux.aarch64.tar.gz"
url_api = "https://api.github.com/repos/koalaman/shellcheck/releases/assets/336391401"

[tools."github:koalaman/shellcheck"."platforms.linux-arm64-musl"]
checksum = "sha256:68a8133197a50beb8803f8d42f9908d1af1c5540d4bb05fdfca8c1fa47decefc"
url = "https://github.com/koalaman/shellcheck/releases/download/v0.11.0/shellcheck-v0.11.0.linux.aarch64.tar.gz"
url_api = "https://api.github.com/repos/koalaman/shellcheck/releases/assets/336391401"

[tools."github:koalaman/shellcheck"."platforms.linux-x64"]
checksum = "sha256:b7af85e41cc99489dcc21d66c6d5f3685138f06d34651e6d34b42ec6d54fe6f6"
url = "https://github.com/koalaman/shellcheck/releases/download/v0.11.0/shellcheck-v0.11.0.linux.x86_64.tar.gz"
url_api = "https://api.github.com/repos/koalaman/shellcheck/releases/assets/336391469"

[tools."github:koalaman/shellcheck"."platforms.linux-x64-musl"]
checksum = "sha256:b7af85e41cc99489dcc21d66c6d5f3685138f06d34651e6d34b42ec6d54fe6f6"
url = "https://github.com/koalaman/shellcheck/releases/download/v0.11.0/shellcheck-v0.11.0.linux.x86_64.tar.gz"
url_api = "https://api.github.com/repos/koalaman/shellcheck/releases/assets/336391469"

[tools."github:koalaman/shellcheck"."platforms.macos-arm64"]
checksum = "sha256:339b930feb1ea764467013cc1f72d09cd6b869ebf1013296ba9055ab2ffbd26f"
url = "https://github.com/koalaman/shellcheck/releases/download/v0.11.0/shellcheck-v0.11.0.darwin.aarch64.tar.gz"
url_api = "https://api.github.com/repos/koalaman/shellcheck/releases/assets/336391359"

[tools."github:koalaman/shellcheck"."platforms.macos-x64"]
checksum = "sha256:c2c15e08df0e8fbc374c335b230a7ee958c313fa5714817a59aa59f1aa594f51"
url = "https://github.com/koalaman/shellcheck/releases/download/v0.11.0/shellcheck-v0.11.0.darwin.x86_64.tar.gz"
url_api = "https://api.github.com/repos/koalaman/shellcheck/releases/assets/336391375"

[tools."github:koalaman/shellcheck"."platforms.windows-x64"]
checksum = "sha256:8a4e35ab0b331c85d73567b12f2a444df187f483e5079ceffa6bda1faa2e740e"
url = "https://github.com/koalaman/shellcheck/releases/download/v0.11.0/shellcheck-v0.11.0.zip"
url_api = "https://api.github.com/repos/koalaman/shellcheck/releases/assets/279056944"

[[tools.go]]
version = "1.25.6"
backend = "core:go"

[tools.go."platforms.linux-arm64"]
checksum = "sha256:738ef87d79c34272424ccdf83302b7b0300b8b096ed443896089306117943dd5"
url = "https://dl.google.com/go/go1.25.6.linux-arm64.tar.gz"

[tools.go."platforms.linux-arm64-musl"]
checksum = "sha256:738ef87d79c34272424ccdf83302b7b0300b8b096ed443896089306117943dd5"
url = "https://dl.google.com/go/go1.25.6.linux-arm64.tar.gz"

[tools.go."platforms.linux-x64"]
checksum = "sha256:f022b6aad78e362bcba9b0b94d09ad58c5a70c6ba3b7582905fababf5fe0181a"
url = "https://dl.google.com/go/go1.25.6.linux-amd64.tar.gz"

[tools.go."platforms.linux-x64-musl"]
checksum = "sha256:f022b6aad78e362bcba9b0b94d09ad58c5a70c6ba3b7582905fababf5fe0181a"
url = "https://dl.google.com/go/go1.25.6.linux-amd64.tar.gz"

[tools.go."platforms.macos-arm64"]
checksum = "sha256:984521ae978a5377c7d782fd2dd953291840d7d3d0bd95781a1f32f16d94a006"
url = "https://dl.google.com/go/go1.25.6.darwin-arm64.tar.gz"

[tools.go."platforms.macos-x64"]
checksum = "sha256:e2b5b237f5c262931b8e280ac4b8363f156e19bfad5270c099998932819670b7"
url = "https://dl.google.com/go/go1.25.6.darwin-amd64.tar.gz"

[tools.go."platforms.windows-x64"]
checksum = "sha256:19b4733b727ba5c611b5656187f3ac367d278d64c3d4199a845e39c0fdac5335"
url = "https://dl.google.com/go/go1.25.6.windows-amd64.zip"

[[tools."go:github.com/B1NARY-GR0UP/nwa"]]
version = "0.7.7"
backend = "go:github.com/B1NARY-GR0UP/nwa"

[[tools."go:github.com/editorconfig-checker/editorconfig-checker/v3/cmd/editorconfig-checker"]]
version = "3.6.1"
backend = "go:github.com/editorconfig-checker/editorconfig-checker/v3/cmd/editorconfig-checker"

[[tools."go:github.com/rhysd/actionlint/cmd/actionlint"]]
version = "1.7.10"
backend = "go:github.com/rhysd/actionlint/cmd/actionlint"

[[tools."go:mvdan.cc/sh/v3/cmd/shfmt"]]
version = "3.12.0"
backend = "go:mvdan.cc/sh/v3/cmd/shfmt"

[[tools.hk]]
version = "1.36.0"
backend = "aqua:jdx/hk"

[tools.hk."platforms.linux-arm64"]
checksum = "sha256:51cf51e2035038ee64d772e71f8daf4978380ef82faffee2b12c413f009341ab"
url = "https://github.com/jdx/hk/releases/download/v1.36.0/hk-aarch64-unknown-linux-gnu.tar.gz"

[tools.hk."platforms.linux-arm64-musl"]
checksum = "sha256:51cf51e2035038ee64d772e71f8daf4978380ef82faffee2b12c413f009341ab"
url = "https://github.com/jdx/hk/releases/download/v1.36.0/hk-aarch64-unknown-linux-gnu.tar.gz"

[tools.hk."platforms.linux-x64"]
checksum = "sha256:d20fa0be3f1135abc74471670306ae0353ad2336804595362293f0c8460952e7"
url = "https://github.com/jdx/hk/releases/download/v1.36.0/hk-x86_64-unknown-linux-gnu.tar.gz"

[tools.hk."platforms.linux-x64-musl"]
checksum = "sha256:d20fa0be3f1135abc74471670306ae0353ad2336804595362293f0c8460952e7"
url = "https://github.com/jdx/hk/releases/download/v1.36.0/hk-x86_64-unknown-linux-gnu.tar.gz"

[tools.hk."platforms.macos-arm64"]
checksum = "sha256:553ff3c7c18d91f1c1dcdbae44315db0324b52336b5a02ed5b9c382f08499b3b"
url = "https://github.com/jdx/hk/releases/download/v1.36.0/hk-aarch64-apple-darwin.tar.gz"

[tools.hk."platforms.windows-x64"]
checksum = "sha256:1f12218ccad806a3f49bcf521f86b6825fbd89486e830c1c04f72e3796f84589"
url = "https://github.com/jdx/hk/releases/download/v1.36.0/hk-x86_64-pc-windows-msvc.zip"

[[tools.java]]
version = "25.0.2"
backend = "core:java"

[tools.java."platforms.linux-x64"]
checksum = "sha256:555ce0821e4fe175ea50d54518cd6fbece9663c1998de529bc6ce429534457df"
url = "https://download.java.net/java/GA/jdk25.0.2/b1e0dfa218384cb9959bdcb897162d4e/10/GPL/openjdk-25.0.2_linux-x64_bin.tar.gz"

[tools.java."platforms.windows-x64"]
checksum = "sha256:74784a0c07258f32d36e9224dd79187c566d831c30d47dc06888d4212087331d"
url = "https://download.java.net/java/GA/jdk25.0.2/b1e0dfa218384cb9959bdcb897162d4e/10/GPL/openjdk-25.0.2_windows-x64_bin.zip"

[[tools.node]]
version = "24.13.0"
backend = "core:node"

[tools.node."platforms.linux-arm64"]
checksum = "sha256:0f6d40b94c6a2eb6b4c240ffc8b9fd3ada7ab044c177dd413c06e1ef9a63f081"
url = "https://nodejs.org/dist/v24.13.0/node-v24.13.0-linux-arm64.tar.gz"

[tools.node."platforms.linux-arm64-musl"]
checksum = "sha256:0f6d40b94c6a2eb6b4c240ffc8b9fd3ada7ab044c177dd413c06e1ef9a63f081"
url = "https://nodejs.org/dist/v24.13.0/node-v24.13.0-linux-arm64.tar.gz"

[tools.node."platforms.linux-x64"]
checksum = "sha256:6223aad1a81f9d1e7b682c59d12e2de233f7b4c37475cd40d1c89c42b737ffa8"
url = "https://nodejs.org/dist/v24.13.0/node-v24.13.0-linux-x64.tar.gz"

[tools.node."platforms.linux-x64-musl"]
checksum = "sha256:6223aad1a81f9d1e7b682c59d12e2de233f7b4c37475cd40d1c89c42b737ffa8"
url = "https://nodejs.org/dist/v24.13.0/node-v24.13.0-linux-x64.tar.gz"

[tools.node."platforms.macos-arm64"]
checksum = "sha256:d595961e563fcae057d4a0fb992f175a54d97fcc4a14dc2d474d92ddeea3b9f8"
url = "https://nodejs.org/dist/v24.13.0/node-v24.13.0-darwin-arm64.tar.gz"

[tools.node."platforms.macos-x64"]
checksum = "sha256:6f03c1b48ddbe1b129a6f8038be08e0899f05f17185b4d3e4350180ab669a7f3"
url = "https://nodejs.org/dist/v24.13.0/node-v24.13.0-darwin-x64.tar.gz"

[tools.node."platforms.windows-x64"]
checksum = "sha256:ca2742695be8de44027d71b3f53a4bdb36009b95575fe1ae6f7f0b5ce091cb88"
url = "https://nodejs.org/dist/v24.13.0/node-v24.13.0-win-x64.zip"

[[tools."pipx:prek"]]
version = "0.2.25"
backend = "pipx:prek"

[[tools.pkl]]
version = "0.30.0"
backend = "aqua:apple/pkl"

[tools.pkl."platforms.linux-arm64"]
checksum = "sha256:a876085548bba146854d0e96df16df828a8b39d75b57674eb3ad73edd9e52d96"
url = "https://github.com/apple/pkl/releases/download/0.30.0/pkl-linux-aarch64"

[tools.pkl."platforms.linux-arm64-musl"]
checksum = "sha256:a876085548bba146854d0e96df16df828a8b39d75b57674eb3ad73edd9e52d96"
url = "https://github.com/apple/pkl/releases/download/0.30.0/pkl-linux-aarch64"

[tools.pkl."platforms.linux-x64"]
checksum = "sha256:182a50a2c84bb002010ea45c8982c1e63b54e7e6a40e939bb5eb70beaad38cd7"
url = "https://github.com/apple/pkl/releases/download/0.30.0/pkl-linux-amd64"

[tools.pkl."platforms.linux-x64-musl"]
checksum = "sha256:182a50a2c84bb002010ea45c8982c1e63b54e7e6a40e939bb5eb70beaad38cd7"
url = "https://github.com/apple/pkl/releases/download/0.30.0/pkl-linux-amd64"

[tools.pkl."platforms.macos-arm64"]
checksum = "sha256:923a636f2c858029d9bf93f35aeae58ebd9783fbe0209f4787c4eed950142212"
url = "https://github.com/apple/pkl/releases/download/0.30.0/pkl-macos-aarch64"

[tools.pkl."platforms.macos-x64"]
checksum = "sha256:215c5c2b02bf4bfb5f7421d4bd81ce1f8781cc9aba93b09f86156c99553de143"
url = "https://github.com/apple/pkl/releases/download/0.30.0/pkl-macos-amd64"

[tools.pkl."platforms.windows-x64"]
checksum = "sha256:3af84f8f6753ae6cfab50f7127fbfb3b53d374c03079ca0cec27eddffc492b3c"
url = "https://github.com/apple/pkl/releases/download/0.30.0/pkl-windows-amd64.exe"

[[tools.pnpm]]
version = "10.28.2"
backend = "aqua:pnpm/pnpm"

[tools.pnpm."platforms.linux-arm64"]
checksum = "sha256:6f265c811d1aef8e817e0017cd700d0d345a1100bd8a90358db64eaab2fbff85"
url = "https://github.com/pnpm/pnpm/releases/download/v10.28.2/pnpm-linux-arm64"

[tools.pnpm."platforms.linux-arm64-musl"]
checksum = "sha256:6f265c811d1aef8e817e0017cd700d0d345a1100bd8a90358db64eaab2fbff85"
url = "https://github.com/pnpm/pnpm/releases/download/v10.28.2/pnpm-linux-arm64"

[tools.pnpm."platforms.linux-x64"]
checksum = "sha256:9f38396f660cd3b1f71e0b0af0b7ba22dd1fd446dc37840a1b6a025868557390"
url = "https://github.com/pnpm/pnpm/releases/download/v10.28.2/pnpm-linux-x64"

[tools.pnpm."platforms.linux-x64-musl"]
checksum = "sha256:9f38396f660cd3b1f71e0b0af0b7ba22dd1fd446dc37840a1b6a025868557390"
url = "https://github.com/pnpm/pnpm/releases/download/v10.28.2/pnpm-linux-x64"

[tools.pnpm."platforms.macos-arm64"]
checksum = "sha256:38a23bf53d918b5192f71ed58e6df9609da478790f89b20ca5f45c3cd46d1d2c"
url = "https://github.com/pnpm/pnpm/releases/download/v10.28.2/pnpm-macos-arm64"

[tools.pnpm."platforms.macos-x64"]
checksum = "sha256:2b86ff518aa100701aecb1b37b84e9ba2aaf0b7c1803dcc9b3a0f7d0681bd27d"
url = "https://github.com/pnpm/pnpm/releases/download/v10.28.2/pnpm-macos-x64"

[tools.pnpm."platforms.windows-x64"]
checksum = "sha256:cc3ee9c282e72b02d7eeb2de6bf232697e3aeddb047ef0822cbcaaf33ee8c01c"
url = "https://github.com/pnpm/pnpm/releases/download/v10.28.2/pnpm-win-x64.exe"

[[tools.powershell]]
version = "7.5.4"
backend = "aqua:PowerShell/PowerShell"

[tools.powershell."platforms.linux-arm64"]
checksum = "sha256:4b32d4cb86a43dfb83d5602d0294295bf22fafbf9e0785d1aaef81938cda92f8"
url = "https://github.com/PowerShell/PowerShell/releases/download/v7.5.4/powershell-7.5.4-linux-arm64.tar.gz"

[tools.powershell."platforms.linux-arm64-musl"]
checksum = "sha256:4b32d4cb86a43dfb83d5602d0294295bf22fafbf9e0785d1aaef81938cda92f8"
url = "https://github.com/PowerShell/PowerShell/releases/download/v7.5.4/powershell-7.5.4-linux-arm64.tar.gz"

[tools.powershell."platforms.linux-x64"]
checksum = "sha256:1fd7983fe56ca9e6233f126925edb24bf6b6b33e356b69996d925c4db94e2fef"
url = "https://github.com/PowerShell/PowerShell/releases/download/v7.5.4/powershell-7.5.4-linux-x64.tar.gz"

[tools.powershell."platforms.linux-x64-musl"]
checksum = "sha256:1fd7983fe56ca9e6233f126925edb24bf6b6b33e356b69996d925c4db94e2fef"
url = "https://github.com/PowerShell/PowerShell/releases/download/v7.5.4/powershell-7.5.4-linux-x64.tar.gz"

[tools.powershell."platforms.macos-arm64"]
checksum = "sha256:3aaadd7ca62f1e4dbe59145b6af24e926d61f8da8a4782bc535e500c184135f0"
url = "https://github.com/PowerShell/PowerShell/releases/download/v7.5.4/powershell-7.5.4-osx-arm64.tar.gz"

[tools.powershell."platforms.macos-x64"]
checksum = "sha256:cd16a04c1b99cdacbdc0337b0fd0da50dbf1a8b4e8437bcb4ca9118ef729211a"
url = "https://github.com/PowerShell/PowerShell/releases/download/v7.5.4/powershell-7.5.4-osx-x64.tar.gz"

[tools.powershell."platforms.windows-x64"]
checksum = "sha256:b40d192ae95ba6ccc4cc362ff4e1b18ca6fb5055bebbcd3920684e12701fa8f6"
url = "https://github.com/PowerShell/PowerShell/releases/download/v7.5.4/PowerShell-7.5.4-win-x64.zip"

[[tools.python]]
version = "3.14.2"
backend = "core:python"

[tools.python."platforms.linux-arm64"]
checksum = "sha256:1d243bfab134c9fd3e099780a811079d8c6158283bddde65de2bc5f6eda74f7c"
url = "https://github.com/astral-sh/python-build-standalone/releases/download/20260127/cpython-3.14.2+20260127-aarch64-unknown-linux-gnu-install_only_stripped.tar.gz"

[tools.python."platforms.linux-arm64-musl"]
checksum = "sha256:1d243bfab134c9fd3e099780a811079d8c6158283bddde65de2bc5f6eda74f7c"
url = "https://github.com/astral-sh/python-build-standalone/releases/download/20260127/cpython-3.14.2+20260127-aarch64-unknown-linux-gnu-install_only_stripped.tar.gz"

[tools.python."platforms.linux-x64"]
checksum = "sha256:c2926d6707f4339e3bf30e90437b387712b47e60e9e55bff1dcb36bf7688b01d"
url = "https://github.com/astral-sh/python-build-standalone/releases/download/20260127/cpython-3.14.2+20260127-x86_64-unknown-linux-gnu-install_only_stripped.tar.gz"

[tools.python."platforms.linux-x64-musl"]
checksum = "sha256:c2926d6707f4339e3bf30e90437b387712b47e60e9e55bff1dcb36bf7688b01d"
url = "https://github.com/astral-sh/python-build-standalone/releases/download/20260127/cpython-3.14.2+20260127-x86_64-unknown-linux-gnu-install_only_stripped.tar.gz"

[tools.python."platforms.macos-arm64"]
checksum = "sha256:2f82ed0cf902c8a2863a3fc5864909645c761e4e0a96525850c9ef8f7e3b79e7"
url = "https://github.com/astral-sh/python-build-standalone/releases/download/20260127/cpython-3.14.2+20260127-aarch64-apple-darwin-install_only_stripped.tar.gz"

[tools.python."platforms.macos-x64"]
checksum = "sha256:51e886261fb79f64079b20181a7f8adfca738f2b2882882e981b67a165e1809b"
url = "https://github.com/astral-sh/python-build-standalone/releases/download/20260127/cpython-3.14.2+20260127-x86_64-apple-darwin-install_only_stripped.tar.gz"

[tools.python."platforms.windows-x64"]
checksum = "sha256:42638ce9bd8c177010c44c7a6a6fb3e1dc0b04ea372089036c689ccb57dc0d09"
url = "https://github.com/astral-sh/python-build-standalone/releases/download/20260127/cpython-3.14.2+20260127-x86_64-pc-windows-msvc-install_only_stripped.tar.gz"

[[tools.ripgrep]]
version = "15.1.0"
backend = "aqua:BurntSushi/ripgrep"

[tools.ripgrep."platforms.linux-arm64"]
checksum = "sha256:2b661c6ef508e902f388e9098d9c4c5aca72c87b55922d94abdba830b4dc885e"
url = "https://github.com/BurntSushi/ripgrep/releases/download/15.1.0/ripgrep-15.1.0-aarch64-unknown-linux-gnu.tar.gz"

[tools.ripgrep."platforms.linux-arm64-musl"]
checksum = "sha256:2b661c6ef508e902f388e9098d9c4c5aca72c87b55922d94abdba830b4dc885e"
url = "https://github.com/BurntSushi/ripgrep/releases/download/15.1.0/ripgrep-15.1.0-aarch64-unknown-linux-gnu.tar.gz"

[tools.ripgrep."platforms.linux-x64"]
checksum = "sha256:1c9297be4a084eea7ecaedf93eb03d058d6faae29bbc57ecdaf5063921491599"
url = "https://github.com/BurntSushi/ripgrep/releases/download/15.1.0/ripgrep-15.1.0-x86_64-unknown-linux-musl.tar.gz"

[tools.ripgrep."platforms.linux-x64-musl"]
checksum = "sha256:1c9297be4a084eea7ecaedf93eb03d058d6faae29bbc57ecdaf5063921491599"
url = "https://github.com/BurntSushi/ripgrep/releases/download/15.1.0/ripgrep-15.1.0-x86_64-unknown-linux-musl.tar.gz"

[tools.ripgrep."platforms.macos-arm64"]
checksum = "sha256:378e973289176ca0c6054054ee7f631a065874a352bf43f0fa60ef079b6ba715"
url = "https://github.com/BurntSushi/ripgrep/releases/download/15.1.0/ripgrep-15.1.0-aarch64-apple-darwin.tar.gz"

[tools.ripgrep."platforms.macos-x64"]
checksum = "sha256:64811cb24e77cac3057d6c40b63ac9becf9082eedd54ca411b475b755d334882"
url = "https://github.com/BurntSushi/ripgrep/releases/download/15.1.0/ripgrep-15.1.0-x86_64-apple-darwin.tar.gz"

[tools.ripgrep."platforms.windows-x64"]
checksum = "sha256:124510b94b6baa3380d051fdf4650eaa80a302c876d611e9dba0b2e18d87493a"
url = "https://github.com/BurntSushi/ripgrep/releases/download/15.1.0/ripgrep-15.1.0-x86_64-pc-windows-msvc.zip"

[[tools.ruby]]
version = "3.3.10"
backend = "core:ruby"

[tools.ruby."platforms.linux-arm64"]
checksum = "sha256:0265cb5f0626dd6ef20ef7043ed8dfb9daa38984793b26cadc8170653cc082e8"
url = "https://github.com/jdx/ruby/releases/download/3.3.10/ruby-3.3.10.arm64_linux.tar.gz"
provenance = "github-attestations"

[tools.ruby."platforms.linux-arm64-musl"]
checksum = "sha256:0265cb5f0626dd6ef20ef7043ed8dfb9daa38984793b26cadc8170653cc082e8"
url = "https://github.com/jdx/ruby/releases/download/3.3.10/ruby-3.3.10.arm64_linux.tar.gz"
provenance = "github-attestations"

[tools.ruby."platforms.linux-x64"]
checksum = "sha256:864b2f58f33d88f2d3c8130b2d50f3289796c1a2a0e0cc945253abd2d329796e"
url = "https://github.com/jdx/ruby/releases/download/3.3.10/ruby-3.3.10.x86_64_linux.tar.gz"
provenance = "github-attestations"

[tools.ruby."platforms.linux-x64-musl"]
checksum = "sha256:864b2f58f33d88f2d3c8130b2d50f3289796c1a2a0e0cc945253abd2d329796e"
url = "https://github.com/jdx/ruby/releases/download/3.3.10/ruby-3.3.10.x86_64_linux.tar.gz"
provenance = "github-attestations"

[tools.ruby."platforms.macos-arm64"]
checksum = "sha256:bdbfeceee5981e29a64c0d515a29755fad723ef17c259317af7976aedca22098"
url = "https://github.com/jdx/ruby/releases/download/3.3.10/ruby-3.3.10.macos.tar.gz"
provenance = "github-attestations"

[tools.ruby."platforms.macos-x64"]
checksum = "sha256:b555baa467a306cfc8e6c6ed24d0d27b27e9a1bed1d91d95509859eac6b0e928"
url = "https://cache.ruby-lang.org/pub/ruby/3.3/ruby-3.3.10.tar.gz"

[tools.ruby."platforms.windows-x64"]
checksum = "sha256:80203102617b216dc0bcdcc8c21cc3889aa3fde7f15860e2e22ee5487480f694"
url = "https://github.com/oneclick/rubyinstaller2/releases/download/RubyInstaller-3.3.10-1/rubyinstaller-3.3.10-1-x64.7z"

[[tools.taplo]]
version = "0.10.0"
backend = "aqua:tamasfe/taplo"

[tools.taplo."platforms.linux-arm64"]
url = "https://github.com/tamasfe/taplo/releases/download/0.10.0/taplo-linux-aarch64.gz"

[tools.taplo."platforms.linux-arm64-musl"]
url = "https://github.com/tamasfe/taplo/releases/download/0.10.0/taplo-linux-aarch64.gz"

[tools.taplo."platforms.linux-x64"]
checksum = "blake3:4871fab0e60275a1eb46e7190726e144f56c9a9527f59b0d1da5a042baead8e2"
url = "https://github.com/tamasfe/taplo/releases/download/0.10.0/taplo-linux-x86_64.gz"

[tools.taplo."platforms.linux-x64-musl"]
url = "https://github.com/tamasfe/taplo/releases/download/0.10.0/taplo-linux-x86_64.gz"

[tools.taplo."platforms.macos-arm64"]
url = "https://github.com/tamasfe/taplo/releases/download/0.10.0/taplo-darwin-aarch64.gz"

[tools.taplo."platforms.macos-x64"]
url = "https://github.com/tamasfe/taplo/releases/download/0.10.0/taplo-darwin-x86_64.gz"

[tools.taplo."platforms.windows-x64"]
url = "https://github.com/tamasfe/taplo/releases/download/0.10.0/taplo-windows-x86_64.zip"

[[tools.typos]]
version = "1.42.3"
backend = "aqua:crate-ci/typos"

[tools.typos."platforms.linux-arm64"]
checksum = "sha256:b3c5d7d7ef1e32145a8f060f8c1f145f91acd076c298031cbb318bd11de1cc68"
url = "https://github.com/crate-ci/typos/releases/download/v1.42.3/typos-v1.42.3-aarch64-unknown-linux-musl.tar.gz"

[tools.typos."platforms.linux-arm64-musl"]
checksum = "sha256:b3c5d7d7ef1e32145a8f060f8c1f145f91acd076c298031cbb318bd11de1cc68"
url = "https://github.com/crate-ci/typos/releases/download/v1.42.3/typos-v1.42.3-aarch64-unknown-linux-musl.tar.gz"

[tools.typos."platforms.linux-x64"]
checksum = "sha256:e083bf917d840563e77b35b64f43924d98fcb77acb69691455099d39e347d67d"
url = "https://github.com/crate-ci/typos/releases/download/v1.42.3/typos-v1.42.3-x86_64-unknown-linux-musl.tar.gz"

[tools.typos."platforms.linux-x64-musl"]
checksum = "sha256:e083bf917d840563e77b35b64f43924d98fcb77acb69691455099d39e347d67d"
url = "https://github.com/crate-ci/typos/releases/download/v1.42.3/typos-v1.42.3-x86_64-unknown-linux-musl.tar.gz"

[tools.typos."platforms.macos-arm64"]
checksum = "sha256:9df9ff62fbcc4d60d9fbea6425a18870a794b93dcf179b4a6c5fa80237feef3f"
url = "https://github.com/crate-ci/typos/releases/download/v1.42.3/typos-v1.42.3-aarch64-apple-darwin.tar.gz"

[tools.typos."platforms.macos-x64"]
checksum = "sha256:88f59e57bd38f9d71ea201462ddb5d800b5c4022ca90cf17c5f0d71cb966568c"
url = "https://github.com/crate-ci/typos/releases/download/v1.42.3/typos-v1.42.3-x86_64-apple-darwin.tar.gz"

[tools.typos."platforms.windows-x64"]
checksum = "sha256:7a6a1172465f6678286ea131add992e1b4d43c9244e933344dd22832cf12482f"
url = "https://github.com/crate-ci/typos/releases/download/v1.42.3/typos-v1.42.3-x86_64-pc-windows-msvc.zip"

[[tools.uv]]
version = "0.9.28"
backend = "aqua:astral-sh/uv"

[tools.uv."platforms.linux-arm64"]
checksum = "sha256:eec3249254efac972d2555ff858f8ed20f05b40fbb38ac83b15cf0a2ccc86749"
url = "https://github.com/astral-sh/uv/releases/download/0.9.28/uv-aarch64-unknown-linux-musl.tar.gz"

[tools.uv."platforms.linux-arm64-musl"]
checksum = "sha256:eec3249254efac972d2555ff858f8ed20f05b40fbb38ac83b15cf0a2ccc86749"
url = "https://github.com/astral-sh/uv/releases/download/0.9.28/uv-aarch64-unknown-linux-musl.tar.gz"

[tools.uv."platforms.linux-x64"]
checksum = "sha256:83cd032167b6b97ac94830608efe11159b3d485654e39fdb0bf84718ef236afe"
url = "https://github.com/astral-sh/uv/releases/download/0.9.28/uv-x86_64-unknown-linux-musl.tar.gz"

[tools.uv."platforms.linux-x64-musl"]
checksum = "sha256:83cd032167b6b97ac94830608efe11159b3d485654e39fdb0bf84718ef236afe"
url = "https://github.com/astral-sh/uv/releases/download/0.9.28/uv-x86_64-unknown-linux-musl.tar.gz"

[tools.uv."platforms.macos-arm64"]
checksum = "sha256:12163fe09eb292d3ad1ea0f132a84485c902e2ff360d57562bf676e6615fcba0"
url = "https://github.com/astral-sh/uv/releases/download/0.9.28/uv-aarch64-apple-darwin.tar.gz"

[tools.uv."platforms.macos-x64"]
checksum = "sha256:3a8030881d13b824e5168f5e4d060e715e40753249766bda3d52d6771d93b169"
url = "https://github.com/astral-sh/uv/releases/download/0.9.28/uv-x86_64-apple-darwin.tar.gz"

[tools.uv."platforms.windows-x64"]
checksum = "sha256:9cb567fcd92f31431220ce620787043b946c30b9bb46ca213780e5ef471453be"
url = "https://github.com/astral-sh/uv/releases/download/0.9.28/uv-x86_64-pc-windows-msvc.zip"
