{
  "version": 2,
  "dependencies": {
    "net10.0": {
      "CommandLineParser": {
        "type": "Direct",
        "requested": "[2.9.1, )",
        "resolved": "2.9.1",
        "contentHash": "OE0sl1/sQ37bjVsPKKtwQlWDgqaxWgtme3xZz7JssWUzg5JpMIyHgCTY9MVMxOg48fJ1AgGT3tgdH5m/kQ5xhA=="
      },
      "DotNet.ReproducibleBuilds": {
        "type": "Direct",
        "requested": "[2.0.2, )",
        "resolved": "2.0.2",
        "contentHash": "VaHoEN6YHp0jXucxm67vfuRy8zo9ufiKSuaZ4ZudRi8xmWcEFMKxfCsg2nvYNvdISFTURDu+IHqADGh53+Bamw=="
      },
      "Microsoft.SourceLink.GitHub": {
        "type": "Direct",
        "requested": "[8.0.0, )",
        "resolved": "8.0.0",
        "contentHash": "G5q7OqtwIyGTkeIOAc3u2ZuV/kicQaec5EaRnc0pIeSnh9LUjj+PYQrJYBURvDt7twGl2PKA7nSN0kz1Zw5bnQ==",
        "dependencies": {
          "Microsoft.Build.Tasks.Git": "8.0.0",
          "Microsoft.SourceLink.Common": "8.0.0"
        }
      },
      "Nerdbank.GitVersioning": {
        "type": "Direct",
        "requested": "[3.9.50, )",
        "resolved": "3.9.50",
        "contentHash": "HtOgGF6jZ+WYbXnCUCYPT8Y2d6mIJo9ozjK/FINTRsXdm4Zgv9GehUMa7EFoGQkqrMcDJNOIDwCmENnvXg4UbA=="
      },
      "NuGet.ProjectModel": {
        "type": "Direct",
        "requested": "[6.14.3, )",
        "resolved": "6.14.3",
        "contentHash": "ABrf4dpDMTypCp8VJn88QV21LEAT2K/byI/iUyweWrZQODlxPFPBRHRTCRlidG7OaqvvX2gi8HwU7KsITuC4Bg==",
        "dependencies": {
          "NuGet.DependencyResolver.Core": "6.14.3"
        }
      },
      "Microsoft.Build.Tasks.Git": {
        "type": "Transitive",
        "resolved": "8.0.0",
        "contentHash": "bZKfSIKJRXLTuSzLudMFte/8CempWjVamNUR5eHJizsy+iuOuO/k2gnh7W0dHJmYY0tBf+gUErfluCv5mySAOQ=="
      },
      "Microsoft.SourceLink.Common": {
        "type": "Transitive",
        "resolved": "8.0.0",
        "contentHash": "dk9JPxTCIevS75HyEQ0E4OVAFhB2N+V9ShCXf8Q6FkUQZDkgLI12y679Nym1YqsiSysuQskT7Z+6nUf3yab6Vw=="
      },
      "Newtonsoft.Json": {
        "type": "Transitive",
        "resolved": "13.0.3",
        "contentHash": "HrC5BXdl00IP9zeV+0Z848QWPAoCr9P3bDEZguI+gkLcBKAOxix/tLEAAHC+UvDNPv4a2d18lOReHMOagPa+zQ=="
      },
      "NuGet.Common": {
        "type": "Transitive",
        "resolved": "6.14.3",
        "contentHash": "c0YD/rJFhoX38/T0qdpdYBd5RI6CjcycgzvwgaYA/iDA6Isdq4sOHRnXbDEdao5qdmAytKQhITTcjryrAATUQw==",
        "dependencies": {
          "NuGet.Frameworks": "6.14.3"
        }
      },
      "NuGet.Configuration": {
        "type": "Transitive",
        "resolved": "6.14.3",
        "contentHash": "c33QiOCrSykKHGNsyGrCUWcXgrg5CTZaZafFhu96xqTHlweqAynDPixqVYmNa/S4W+6B36YpTtBdoGtDxDNEuw==",
        "dependencies": {
          "NuGet.Common": "6.14.3",
          "System.Security.Cryptography.ProtectedData": "4.4.0"
        }
      },
      "NuGet.DependencyResolver.Core": {
        "type": "Transitive",
        "resolved": "6.14.3",
        "contentHash": "7hR0UpmbGy77qyZz8RY97prlezqE6bIU2U07qhjDX3s7Jd55xQMx8CWBQBncYdvmjAYgm6lVP4gVAnxyW385hA==",
        "dependencies": {
          "NuGet.Configuration": "6.14.3",
          "NuGet.LibraryModel": "6.14.3",
          "NuGet.Protocol": "6.14.3"
        }
      },
      "NuGet.Frameworks": {
        "type": "Transitive",
        "resolved": "6.14.3",
        "contentHash": "fxJsortJk2Jscr0MVGyUfKtIYQ4+Uiw7ucqTS4gEvUdDRUnvWj0yyns4S+jS8s4+FzBnjOJWCm/b0al123gqCw=="
      },
      "NuGet.LibraryModel": {
        "type": "Transitive",
        "resolved": "6.14.3",
        "contentHash": "Rucg3Io2F0VnM4MksOzIdu5PgtbqEFvTX9CnLPmZtLTqhNiBOgHdHjurf6VYdV96oXoZ5uR6ZNSyjBdiPZX5GQ==",
        "dependencies": {
          "NuGet.Common": "6.14.3",
          "NuGet.Versioning": "6.14.3"
        }
      },
      "NuGet.Packaging": {
        "type": "Transitive",
        "resolved": "6.14.3",
        "contentHash": "wQJkyDimC9UEulF0ECuUuXyXhV7tfPHdocTzWqV9zf2RQASEtHWDh4fSZIsM1+dQ98fMojzRJuE1KgxEsP7WPg==",
        "dependencies": {
          "Newtonsoft.Json": "13.0.3",
          "NuGet.Configuration": "6.14.3",
          "NuGet.Versioning": "6.14.3",
          "System.Security.Cryptography.Pkcs": "6.0.4"
        }
      },
      "NuGet.Protocol": {
        "type": "Transitive",
        "resolved": "6.14.3",
        "contentHash": "Yrtp35uhs1BYyZnRW6FLgJepeoWdLyuVpGxbr4T9af/zhD/UFD0BQD/4GpyJvB/UpypmGYnb6voffMmnPLvyeA==",
        "dependencies": {
          "NuGet.Packaging": "6.14.3"
        }
      },
      "NuGet.Versioning": {
        "type": "Transitive",
        "resolved": "6.14.3",
        "contentHash": "EgsT9IoRrOGDShPX+4BHYpsyra7dbawZYL2btwWONlwr8niv2AoctZs/F7jANzDPhCFCsOxvFhJ+S/zaaU31mA=="
      },
      "System.Security.Cryptography.Pkcs": {
        "type": "Transitive",
        "resolved": "6.0.4",
        "contentHash": "LGbXi1oUJ9QgCNGXRO9ndzBL/GZgANcsURpMhNR8uO+rca47SZmciS3RSQUvlQRwK3QHZSHNOXzoMUASKA+Anw=="
      },
      "System.Security.Cryptography.ProtectedData": {
        "type": "Transitive",
        "resolved": "4.4.0",
        "contentHash": "cJV7ScGW7EhatRsjehfvvYVBvtiSMKgN8bOVI0bQhnF5bU7vnHVIsH49Kva7i7GWaWYvmEzkYVk1TC+gZYBEog=="
      }
    }
  }
}